// !$*UTF8*$!
{
	archiveVersion = 1;
	classes = {
	};
	objectVersion = 50;
	objects = {

/* Begin PBXBuildFile section */
		2894010E3BD6F81ED3F8C4F0 /* Pods_WhatToEatTests.framework in Frameworks */ = {isa = PBXBuildFile; fileRef = F69DADCCDD3A9A0CE433D422 /* Pods_WhatToEatTests.framework */; };
		550E986422F33A3500A135A3 /* RecipeDetailViewController.swift in Sources */ = {isa = PBXBuildFile; fileRef = 550E986322F33A3500A135A3 /* RecipeDetailViewController.swift */; };
		551C3311230C4B8500D0F9AF /* DietCollectionViewCell.swift in Sources */ = {isa = PBXBuildFile; fileRef = 551C3310230C4B8500D0F9AF /* DietCollectionViewCell.swift */; };
		551C3315230C4CB900D0F9AF /* DietCollectionViewCellView.xib in Resources */ = {isa = PBXBuildFile; fileRef = 551C3314230C4CB900D0F9AF /* DietCollectionViewCellView.xib */; };
		551C331F230C741D00D0F9AF /* RecipeIngredientTableViewCell.swift in Sources */ = {isa = PBXBuildFile; fileRef = 551C331E230C741D00D0F9AF /* RecipeIngredientTableViewCell.swift */; };
		551C3321230C743600D0F9AF /* RecipeIngredientTableViewCellView.xib in Resources */ = {isa = PBXBuildFile; fileRef = 551C3320230C743600D0F9AF /* RecipeIngredientTableViewCellView.xib */; };
		551C3323230CAE4B00D0F9AF /* RecipeInstructionTableViewCell.swift in Sources */ = {isa = PBXBuildFile; fileRef = 551C3322230CAE4B00D0F9AF /* RecipeInstructionTableViewCell.swift */; };
		551C3325230CAE5600D0F9AF /* RecipeInstructionTableViewCellView.xib in Resources */ = {isa = PBXBuildFile; fileRef = 551C3324230CAE5600D0F9AF /* RecipeInstructionTableViewCellView.xib */; };
		5533965423131879009CE91F /* SavedRecipesViewController.swift in Sources */ = {isa = PBXBuildFile; fileRef = 5533965323131879009CE91F /* SavedRecipesViewController.swift */; };
		553A274022E4CB7E0063AD58 /* AutocompleteSearchTableViewCell.swift in Sources */ = {isa = PBXBuildFile; fileRef = 553A273F22E4CB7E0063AD58 /* AutocompleteSearchTableViewCell.swift */; };
		553DEE972329B8A800268E8A /* GoogleAppMeasurement.framework in Frameworks */ = {isa = PBXBuildFile; fileRef = 553DEE942329B8A400268E8A /* GoogleAppMeasurement.framework */; };
		553DEE982329B8A800268E8A /* GoogleMobileAds.framework in Frameworks */ = {isa = PBXBuildFile; fileRef = 553DEE952329B8A700268E8A /* GoogleMobileAds.framework */; };
		553DEE992329B8A800268E8A /* GoogleUtilities.framework in Frameworks */ = {isa = PBXBuildFile; fileRef = 553DEE962329B8A800268E8A /* GoogleUtilities.framework */; };
		553DEE9B2329B8F500268E8A /* nanopb.framework in Frameworks */ = {isa = PBXBuildFile; fileRef = 553DEE9A2329B8F500268E8A /* nanopb.framework */; };
		553FCCA222FB707E0016DC5C /* SavedIngredientViewController.swift in Sources */ = {isa = PBXBuildFile; fileRef = 553FCCA122FB707E0016DC5C /* SavedIngredientViewController.swift */; };
		5566787723158DE200150909 /* SourceTableViewCellView.xib in Resources */ = {isa = PBXBuildFile; fileRef = 5566787623158DE100150909 /* SourceTableViewCellView.xib */; };
		5566787923158E5C00150909 /* SourceTableViewCell.swift in Sources */ = {isa = PBXBuildFile; fileRef = 5566787823158E5C00150909 /* SourceTableViewCell.swift */; };
		5566787B23159A5300150909 /* SearchByRecipesViewController.swift in Sources */ = {isa = PBXBuildFile; fileRef = 5566787A23159A5300150909 /* SearchByRecipesViewController.swift */; };
		55667883231774B100150909 /* CustomUITabBarController.swift in Sources */ = {isa = PBXBuildFile; fileRef = 55667882231774B100150909 /* CustomUITabBarController.swift */; };
		5583618322FC8B02004BA28D /* Gotham-Book.otf in Resources */ = {isa = PBXBuildFile; fileRef = 5583618122FC8A2D004BA28D /* Gotham-Book.otf */; };
		5583618422FC8B05004BA28D /* PoetsenOne-Regular.ttf in Resources */ = {isa = PBXBuildFile; fileRef = 5583618222FC8A2D004BA28D /* PoetsenOne-Regular.ttf */; };
		5583618622FCACD9004BA28D /* BadgeBarButtonItem.swift in Sources */ = {isa = PBXBuildFile; fileRef = 5583618522FCACD9004BA28D /* BadgeBarButtonItem.swift */; };
		559F53E622F2145000EDCA31 /* SavedIngredientTableViewCell.swift in Sources */ = {isa = PBXBuildFile; fileRef = 559F53E522F2145000EDCA31 /* SavedIngredientTableViewCell.swift */; };
		55B15DA522FCFCBB00B39B69 /* RecipeDetailView.swift in Sources */ = {isa = PBXBuildFile; fileRef = 55B15DA422FCFCBB00B39B69 /* RecipeDetailView.swift */; };
		55B15DA722FCFCC600B39B69 /* RecipeDetailView.xib in Resources */ = {isa = PBXBuildFile; fileRef = 55B15DA622FCFCC600B39B69 /* RecipeDetailView.xib */; };
		55B293FC2394150300887BE8 /* .gitattributes in Resources */ = {isa = PBXBuildFile; fileRef = 55B293FB2394150300887BE8 /* .gitattributes */; };
		55C9F48A22DEBE9E00CF3DD3 /* Recipe.swift in Sources */ = {isa = PBXBuildFile; fileRef = 55C9F48922DEBE9E00CF3DD3 /* Recipe.swift */; };
		55C9F48C22DEE3A300CF3DD3 /* SearchResultsViewController.swift in Sources */ = {isa = PBXBuildFile; fileRef = 55C9F48B22DEE3A300CF3DD3 /* SearchResultsViewController.swift */; };
		55C9F49622DF843100CF3DD3 /* SearchResultTableViewCell.swift in Sources */ = {isa = PBXBuildFile; fileRef = 55C9F49522DF843100CF3DD3 /* SearchResultTableViewCell.swift */; };
		55E7981222C9BE2200C79357 /* AppDelegate.swift in Sources */ = {isa = PBXBuildFile; fileRef = 55E7981122C9BE2200C79357 /* AppDelegate.swift */; };
		55E7981422C9BE2200C79357 /* HomeViewController.swift in Sources */ = {isa = PBXBuildFile; fileRef = 55E7981322C9BE2200C79357 /* HomeViewController.swift */; };
		55E7981722C9BE2200C79357 /* Main.storyboard in Resources */ = {isa = PBXBuildFile; fileRef = 55E7981522C9BE2200C79357 /* Main.storyboard */; };
		55E7981A22C9BE2200C79357 /* WhatToEat.xcdatamodeld in Sources */ = {isa = PBXBuildFile; fileRef = 55E7981822C9BE2200C79357 /* WhatToEat.xcdatamodeld */; };
		55E7981C22C9BE2400C79357 /* Assets.xcassets in Resources */ = {isa = PBXBuildFile; fileRef = 55E7981B22C9BE2400C79357 /* Assets.xcassets */; };
		55E7981F22C9BE2400C79357 /* LaunchScreen.storyboard in Resources */ = {isa = PBXBuildFile; fileRef = 55E7981D22C9BE2400C79357 /* LaunchScreen.storyboard */; };
		55E7982A22C9BE2400C79357 /* WhatToEatTests.swift in Sources */ = {isa = PBXBuildFile; fileRef = 55E7982922C9BE2400C79357 /* WhatToEatTests.swift */; };
		55E7983522C9BE2400C79357 /* WhatToEatUITests.swift in Sources */ = {isa = PBXBuildFile; fileRef = 55E7983422C9BE2400C79357 /* WhatToEatUITests.swift */; };
		55EFB5A6238ED5EE00C6E010 /* UIColor+Extension.swift in Sources */ = {isa = PBXBuildFile; fileRef = 55EFB5A5238ED5EE00C6E010 /* UIColor+Extension.swift */; };
		55EFB5A8238ED60F00C6E010 /* UIViewController+Extension.swift in Sources */ = {isa = PBXBuildFile; fileRef = 55EFB5A7238ED60F00C6E010 /* UIViewController+Extension.swift */; };
		55EFB5AA238ED64200C6E010 /* UIView+Extension.swift in Sources */ = {isa = PBXBuildFile; fileRef = 55EFB5A9238ED64200C6E010 /* UIView+Extension.swift */; };
		55EFB5AF238ED8F600C6E010 /* Ingredient.swift in Sources */ = {isa = PBXBuildFile; fileRef = 55EFB5AE238ED8F600C6E010 /* Ingredient.swift */; };
		55EFB5B1238ED95C00C6E010 /* SearchedIngredient.swift in Sources */ = {isa = PBXBuildFile; fileRef = 55EFB5B0238ED95C00C6E010 /* SearchedIngredient.swift */; };
		55EFB5B3238EDA4E00C6E010 /* adIDs.swift in Sources */ = {isa = PBXBuildFile; fileRef = 55EFB5B2238EDA4E00C6E010 /* adIDs.swift */; };
		55EFB5B5238EDA8900C6E010 /* PersistenceManager.swift in Sources */ = {isa = PBXBuildFile; fileRef = 55EFB5B4238EDA8900C6E010 /* PersistenceManager.swift */; };
		55EFB5B7238F3EAC00C6E010 /* Helpers.swift in Sources */ = {isa = PBXBuildFile; fileRef = 55EFB5B6238F3EAC00C6E010 /* Helpers.swift */; };
		55EFB5B9238F3F6600C6E010 /* Array<Int>+Extension.swift in Sources */ = {isa = PBXBuildFile; fileRef = 55EFB5B8238F3F6600C6E010 /* Array<Int>+Extension.swift */; };
		55EFB5C0238F485600C6E010 /* SpoonacularManager.swift in Sources */ = {isa = PBXBuildFile; fileRef = 55EFB5BF238F485600C6E010 /* SpoonacularManager.swift */; };
		5646CAA85054A25195014BA7 /* Pods_WhatToEat.framework in Frameworks */ = {isa = PBXBuildFile; fileRef = 8ABC20B6FDA4E609D710565B /* Pods_WhatToEat.framework */; };
		8D6DF78878E1C5FA3DC0F1C2 /* Pods_WhatToEatUITests.framework in Frameworks */ = {isa = PBXBuildFile; fileRef = 7C295F04A70962B3CA277697 /* Pods_WhatToEatUITests.framework */; };
/* End PBXBuildFile section */

/* Begin PBXContainerItemProxy section */
		55E7982622C9BE2400C79357 /* PBXContainerItemProxy */ = {
			isa = PBXContainerItemProxy;
			containerPortal = 55E7980622C9BE2200C79357 /* Project object */;
			proxyType = 1;
			remoteGlobalIDString = 55E7980D22C9BE2200C79357;
			remoteInfo = WhatToEat;
		};
		55E7983122C9BE2400C79357 /* PBXContainerItemProxy */ = {
			isa = PBXContainerItemProxy;
			containerPortal = 55E7980622C9BE2200C79357 /* Project object */;
			proxyType = 1;
			remoteGlobalIDString = 55E7980D22C9BE2200C79357;
			remoteInfo = WhatToEat;
		};
/* End PBXContainerItemProxy section */

/* Begin PBXFileReference section */
		232305AB4B00FC9A2576AEB2 /* Pods-WhatToEat.release.xcconfig */ = {isa = PBXFileReference; includeInIndex = 1; lastKnownFileType = text.xcconfig; name = "Pods-WhatToEat.release.xcconfig"; path = "Target Support Files/Pods-WhatToEat/Pods-WhatToEat.release.xcconfig"; sourceTree = "<group>"; };
		550E986322F33A3500A135A3 /* RecipeDetailViewController.swift */ = {isa = PBXFileReference; lastKnownFileType = sourcecode.swift; path = RecipeDetailViewController.swift; sourceTree = "<group>"; };
		551C3310230C4B8500D0F9AF /* DietCollectionViewCell.swift */ = {isa = PBXFileReference; lastKnownFileType = sourcecode.swift; path = DietCollectionViewCell.swift; sourceTree = "<group>"; };
		551C3314230C4CB900D0F9AF /* DietCollectionViewCellView.xib */ = {isa = PBXFileReference; lastKnownFileType = file.xib; path = DietCollectionViewCellView.xib; sourceTree = "<group>"; };
		551C331E230C741D00D0F9AF /* RecipeIngredientTableViewCell.swift */ = {isa = PBXFileReference; lastKnownFileType = sourcecode.swift; path = RecipeIngredientTableViewCell.swift; sourceTree = "<group>"; };
		551C3320230C743600D0F9AF /* RecipeIngredientTableViewCellView.xib */ = {isa = PBXFileReference; lastKnownFileType = file.xib; path = RecipeIngredientTableViewCellView.xib; sourceTree = "<group>"; };
		551C3322230CAE4B00D0F9AF /* RecipeInstructionTableViewCell.swift */ = {isa = PBXFileReference; lastKnownFileType = sourcecode.swift; path = RecipeInstructionTableViewCell.swift; sourceTree = "<group>"; };
		551C3324230CAE5600D0F9AF /* RecipeInstructionTableViewCellView.xib */ = {isa = PBXFileReference; lastKnownFileType = file.xib; path = RecipeInstructionTableViewCellView.xib; sourceTree = "<group>"; };
		5533965323131879009CE91F /* SavedRecipesViewController.swift */ = {isa = PBXFileReference; lastKnownFileType = sourcecode.swift; name = SavedRecipesViewController.swift; path = WhatToEat/Controller/SavedRecipesViewController.swift; sourceTree = SOURCE_ROOT; };
		553A273F22E4CB7E0063AD58 /* AutocompleteSearchTableViewCell.swift */ = {isa = PBXFileReference; lastKnownFileType = sourcecode.swift; path = AutocompleteSearchTableViewCell.swift; sourceTree = "<group>"; };
		553DEE942329B8A400268E8A /* GoogleAppMeasurement.framework */ = {isa = PBXFileReference; lastKnownFileType = wrapper.framework; path = GoogleAppMeasurement.framework; sourceTree = "<group>"; };
		553DEE952329B8A700268E8A /* GoogleMobileAds.framework */ = {isa = PBXFileReference; lastKnownFileType = wrapper.framework; path = GoogleMobileAds.framework; sourceTree = "<group>"; };
		553DEE962329B8A800268E8A /* GoogleUtilities.framework */ = {isa = PBXFileReference; lastKnownFileType = wrapper.framework; path = GoogleUtilities.framework; sourceTree = "<group>"; };
		553DEE9A2329B8F500268E8A /* nanopb.framework */ = {isa = PBXFileReference; lastKnownFileType = wrapper.framework; path = nanopb.framework; sourceTree = "<group>"; };
		553FCCA122FB707E0016DC5C /* SavedIngredientViewController.swift */ = {isa = PBXFileReference; lastKnownFileType = sourcecode.swift; path = SavedIngredientViewController.swift; sourceTree = "<group>"; };
		5566787623158DE100150909 /* SourceTableViewCellView.xib */ = {isa = PBXFileReference; lastKnownFileType = file.xib; path = SourceTableViewCellView.xib; sourceTree = "<group>"; };
		5566787823158E5C00150909 /* SourceTableViewCell.swift */ = {isa = PBXFileReference; lastKnownFileType = sourcecode.swift; path = SourceTableViewCell.swift; sourceTree = "<group>"; };
		5566787A23159A5300150909 /* SearchByRecipesViewController.swift */ = {isa = PBXFileReference; lastKnownFileType = sourcecode.swift; name = SearchByRecipesViewController.swift; path = WhatToEat/Controller/SearchByRecipesViewController.swift; sourceTree = SOURCE_ROOT; };
		55667882231774B100150909 /* CustomUITabBarController.swift */ = {isa = PBXFileReference; lastKnownFileType = sourcecode.swift; path = CustomUITabBarController.swift; sourceTree = "<group>"; };
		5583618122FC8A2D004BA28D /* Gotham-Book.otf */ = {isa = PBXFileReference; lastKnownFileType = file; path = "Gotham-Book.otf"; sourceTree = "<group>"; };
		5583618222FC8A2D004BA28D /* PoetsenOne-Regular.ttf */ = {isa = PBXFileReference; lastKnownFileType = file; path = "PoetsenOne-Regular.ttf"; sourceTree = "<group>"; };
		5583618522FCACD9004BA28D /* BadgeBarButtonItem.swift */ = {isa = PBXFileReference; fileEncoding = 4; lastKnownFileType = sourcecode.swift; path = BadgeBarButtonItem.swift; sourceTree = "<group>"; };
		559F53E522F2145000EDCA31 /* SavedIngredientTableViewCell.swift */ = {isa = PBXFileReference; lastKnownFileType = sourcecode.swift; path = SavedIngredientTableViewCell.swift; sourceTree = "<group>"; };
		55B15DA422FCFCBB00B39B69 /* RecipeDetailView.swift */ = {isa = PBXFileReference; lastKnownFileType = sourcecode.swift; path = RecipeDetailView.swift; sourceTree = "<group>"; };
		55B15DA622FCFCC600B39B69 /* RecipeDetailView.xib */ = {isa = PBXFileReference; lastKnownFileType = file.xib; path = RecipeDetailView.xib; sourceTree = "<group>"; };
		55B293FB2394150300887BE8 /* .gitattributes */ = {isa = PBXFileReference; lastKnownFileType = text; path = .gitattributes; sourceTree = "<group>"; };
		55C9F48922DEBE9E00CF3DD3 /* Recipe.swift */ = {isa = PBXFileReference; lastKnownFileType = sourcecode.swift; path = Recipe.swift; sourceTree = "<group>"; };
		55C9F48B22DEE3A300CF3DD3 /* SearchResultsViewController.swift */ = {isa = PBXFileReference; lastKnownFileType = sourcecode.swift; path = SearchResultsViewController.swift; sourceTree = "<group>"; };
		55C9F49522DF843100CF3DD3 /* SearchResultTableViewCell.swift */ = {isa = PBXFileReference; lastKnownFileType = sourcecode.swift; path = SearchResultTableViewCell.swift; sourceTree = "<group>"; };
		55E7980E22C9BE2200C79357 /* WhatToEat.app */ = {isa = PBXFileReference; explicitFileType = wrapper.application; includeInIndex = 0; path = WhatToEat.app; sourceTree = BUILT_PRODUCTS_DIR; };
		55E7981122C9BE2200C79357 /* AppDelegate.swift */ = {isa = PBXFileReference; lastKnownFileType = sourcecode.swift; path = AppDelegate.swift; sourceTree = "<group>"; };
		55E7981322C9BE2200C79357 /* HomeViewController.swift */ = {isa = PBXFileReference; lastKnownFileType = sourcecode.swift; path = HomeViewController.swift; sourceTree = "<group>"; };
		55E7981622C9BE2200C79357 /* Base */ = {isa = PBXFileReference; lastKnownFileType = file.storyboard; name = Base; path = Base.lproj/Main.storyboard; sourceTree = "<group>"; };
		55E7981922C9BE2200C79357 /* WhatToEat.xcdatamodel */ = {isa = PBXFileReference; lastKnownFileType = wrapper.xcdatamodel; path = WhatToEat.xcdatamodel; sourceTree = "<group>"; };
		55E7981B22C9BE2400C79357 /* Assets.xcassets */ = {isa = PBXFileReference; lastKnownFileType = folder.assetcatalog; path = Assets.xcassets; sourceTree = "<group>"; };
		55E7981E22C9BE2400C79357 /* Base */ = {isa = PBXFileReference; lastKnownFileType = file.storyboard; name = Base; path = Base.lproj/LaunchScreen.storyboard; sourceTree = "<group>"; };
		55E7982022C9BE2400C79357 /* Info.plist */ = {isa = PBXFileReference; lastKnownFileType = text.plist.xml; path = Info.plist; sourceTree = "<group>"; };
		55E7982522C9BE2400C79357 /* WhatToEatTests.xctest */ = {isa = PBXFileReference; explicitFileType = wrapper.cfbundle; includeInIndex = 0; path = WhatToEatTests.xctest; sourceTree = BUILT_PRODUCTS_DIR; };
		55E7982922C9BE2400C79357 /* WhatToEatTests.swift */ = {isa = PBXFileReference; lastKnownFileType = sourcecode.swift; path = WhatToEatTests.swift; sourceTree = "<group>"; };
		55E7982B22C9BE2400C79357 /* Info.plist */ = {isa = PBXFileReference; lastKnownFileType = text.plist.xml; path = Info.plist; sourceTree = "<group>"; };
		55E7983022C9BE2400C79357 /* WhatToEatUITests.xctest */ = {isa = PBXFileReference; explicitFileType = wrapper.cfbundle; includeInIndex = 0; path = WhatToEatUITests.xctest; sourceTree = BUILT_PRODUCTS_DIR; };
		55E7983422C9BE2400C79357 /* WhatToEatUITests.swift */ = {isa = PBXFileReference; lastKnownFileType = sourcecode.swift; path = WhatToEatUITests.swift; sourceTree = "<group>"; };
		55E7983622C9BE2400C79357 /* Info.plist */ = {isa = PBXFileReference; lastKnownFileType = text.plist.xml; path = Info.plist; sourceTree = "<group>"; };
		55EFB5A5238ED5EE00C6E010 /* UIColor+Extension.swift */ = {isa = PBXFileReference; lastKnownFileType = sourcecode.swift; path = "UIColor+Extension.swift"; sourceTree = "<group>"; };
		55EFB5A7238ED60F00C6E010 /* UIViewController+Extension.swift */ = {isa = PBXFileReference; lastKnownFileType = sourcecode.swift; path = "UIViewController+Extension.swift"; sourceTree = "<group>"; };
		55EFB5A9238ED64200C6E010 /* UIView+Extension.swift */ = {isa = PBXFileReference; lastKnownFileType = sourcecode.swift; path = "UIView+Extension.swift"; sourceTree = "<group>"; };
		55EFB5AE238ED8F600C6E010 /* Ingredient.swift */ = {isa = PBXFileReference; lastKnownFileType = sourcecode.swift; path = Ingredient.swift; sourceTree = "<group>"; };
		55EFB5B0238ED95C00C6E010 /* SearchedIngredient.swift */ = {isa = PBXFileReference; lastKnownFileType = sourcecode.swift; path = SearchedIngredient.swift; sourceTree = "<group>"; };
		55EFB5B2238EDA4E00C6E010 /* adIDs.swift */ = {isa = PBXFileReference; lastKnownFileType = sourcecode.swift; path = adIDs.swift; sourceTree = "<group>"; };
		55EFB5B4238EDA8900C6E010 /* PersistenceManager.swift */ = {isa = PBXFileReference; lastKnownFileType = sourcecode.swift; path = PersistenceManager.swift; sourceTree = "<group>"; };
		55EFB5B6238F3EAC00C6E010 /* Helpers.swift */ = {isa = PBXFileReference; lastKnownFileType = sourcecode.swift; path = Helpers.swift; sourceTree = "<group>"; };
		55EFB5B8238F3F6600C6E010 /* Array<Int>+Extension.swift */ = {isa = PBXFileReference; lastKnownFileType = sourcecode.swift; path = "Array<Int>+Extension.swift"; sourceTree = "<group>"; };
		55EFB5BF238F485600C6E010 /* SpoonacularManager.swift */ = {isa = PBXFileReference; lastKnownFileType = sourcecode.swift; path = SpoonacularManager.swift; sourceTree = "<group>"; };
		7C295F04A70962B3CA277697 /* Pods_WhatToEatUITests.framework */ = {isa = PBXFileReference; explicitFileType = wrapper.framework; includeInIndex = 0; path = Pods_WhatToEatUITests.framework; sourceTree = BUILT_PRODUCTS_DIR; };
		8ABC20B6FDA4E609D710565B /* Pods_WhatToEat.framework */ = {isa = PBXFileReference; explicitFileType = wrapper.framework; includeInIndex = 0; path = Pods_WhatToEat.framework; sourceTree = BUILT_PRODUCTS_DIR; };
		AB0F932205E036F56A8AB9D8 /* Pods-WhatToEatTests.release.xcconfig */ = {isa = PBXFileReference; includeInIndex = 1; lastKnownFileType = text.xcconfig; name = "Pods-WhatToEatTests.release.xcconfig"; path = "Target Support Files/Pods-WhatToEatTests/Pods-WhatToEatTests.release.xcconfig"; sourceTree = "<group>"; };
		B5BADD00CC1E88AEF9B3B04D /* Pods-WhatToEatUITests.debug.xcconfig */ = {isa = PBXFileReference; includeInIndex = 1; lastKnownFileType = text.xcconfig; name = "Pods-WhatToEatUITests.debug.xcconfig"; path = "Target Support Files/Pods-WhatToEatUITests/Pods-WhatToEatUITests.debug.xcconfig"; sourceTree = "<group>"; };
		B8F851E2ECB0C9B4685C06EC /* Pods-WhatToEatTests.debug.xcconfig */ = {isa = PBXFileReference; includeInIndex = 1; lastKnownFileType = text.xcconfig; name = "Pods-WhatToEatTests.debug.xcconfig"; path = "Target Support Files/Pods-WhatToEatTests/Pods-WhatToEatTests.debug.xcconfig"; sourceTree = "<group>"; };
		BDD7C87AA04B20C097FAFCE2 /* Pods-WhatToEat.debug.xcconfig */ = {isa = PBXFileReference; includeInIndex = 1; lastKnownFileType = text.xcconfig; name = "Pods-WhatToEat.debug.xcconfig"; path = "Target Support Files/Pods-WhatToEat/Pods-WhatToEat.debug.xcconfig"; sourceTree = "<group>"; };
		F69DADCCDD3A9A0CE433D422 /* Pods_WhatToEatTests.framework */ = {isa = PBXFileReference; explicitFileType = wrapper.framework; includeInIndex = 0; path = Pods_WhatToEatTests.framework; sourceTree = BUILT_PRODUCTS_DIR; };
		FCA4625E2F44408CC83262AE /* Pods-WhatToEatUITests.release.xcconfig */ = {isa = PBXFileReference; includeInIndex = 1; lastKnownFileType = text.xcconfig; name = "Pods-WhatToEatUITests.release.xcconfig"; path = "Target Support Files/Pods-WhatToEatUITests/Pods-WhatToEatUITests.release.xcconfig"; sourceTree = "<group>"; };
/* End PBXFileReference section */

/* Begin PBXFrameworksBuildPhase section */
		55E7980B22C9BE2200C79357 /* Frameworks */ = {
			isa = PBXFrameworksBuildPhase;
			buildActionMask = 2147483647;
			files = (
				553DEE982329B8A800268E8A /* GoogleMobileAds.framework in Frameworks */,
				553DEE972329B8A800268E8A /* GoogleAppMeasurement.framework in Frameworks */,
				553DEE9B2329B8F500268E8A /* nanopb.framework in Frameworks */,
				553DEE992329B8A800268E8A /* GoogleUtilities.framework in Frameworks */,
				5646CAA85054A25195014BA7 /* Pods_WhatToEat.framework in Frameworks */,
			);
			runOnlyForDeploymentPostprocessing = 0;
		};
		55E7982222C9BE2400C79357 /* Frameworks */ = {
			isa = PBXFrameworksBuildPhase;
			buildActionMask = 2147483647;
			files = (
				2894010E3BD6F81ED3F8C4F0 /* Pods_WhatToEatTests.framework in Frameworks */,
			);
			runOnlyForDeploymentPostprocessing = 0;
		};
		55E7982D22C9BE2400C79357 /* Frameworks */ = {
			isa = PBXFrameworksBuildPhase;
			buildActionMask = 2147483647;
			files = (
				8D6DF78878E1C5FA3DC0F1C2 /* Pods_WhatToEatUITests.framework in Frameworks */,
			);
			runOnlyForDeploymentPostprocessing = 0;
		};
/* End PBXFrameworksBuildPhase section */

/* Begin PBXGroup section */
		1C0E6911547928BEDD06E3FA /* Frameworks */ = {
			isa = PBXGroup;
			children = (
				553DEE9A2329B8F500268E8A /* nanopb.framework */,
				553DEE942329B8A400268E8A /* GoogleAppMeasurement.framework */,
				553DEE952329B8A700268E8A /* GoogleMobileAds.framework */,
				553DEE962329B8A800268E8A /* GoogleUtilities.framework */,
				8ABC20B6FDA4E609D710565B /* Pods_WhatToEat.framework */,
				F69DADCCDD3A9A0CE433D422 /* Pods_WhatToEatTests.framework */,
				7C295F04A70962B3CA277697 /* Pods_WhatToEatUITests.framework */,
			);
			name = Frameworks;
			sourceTree = "<group>";
		};
		1E300F60416D14570402B5ED /* Pods */ = {
			isa = PBXGroup;
			children = (
				BDD7C87AA04B20C097FAFCE2 /* Pods-WhatToEat.debug.xcconfig */,
				232305AB4B00FC9A2576AEB2 /* Pods-WhatToEat.release.xcconfig */,
				B8F851E2ECB0C9B4685C06EC /* Pods-WhatToEatTests.debug.xcconfig */,
				AB0F932205E036F56A8AB9D8 /* Pods-WhatToEatTests.release.xcconfig */,
				B5BADD00CC1E88AEF9B3B04D /* Pods-WhatToEatUITests.debug.xcconfig */,
				FCA4625E2F44408CC83262AE /* Pods-WhatToEatUITests.release.xcconfig */,
			);
			path = Pods;
			sourceTree = "<group>";
		};
		551C331C230C73A400D0F9AF /* Fonts */ = {
			isa = PBXGroup;
			children = (
				5583618122FC8A2D004BA28D /* Gotham-Book.otf */,
				5583618222FC8A2D004BA28D /* PoetsenOne-Regular.ttf */,
			);
			path = Fonts;
			sourceTree = "<group>";
		};
		551C331D230C73CD00D0F9AF /* Model */ = {
			isa = PBXGroup;
			children = (
				55C9F48922DEBE9E00CF3DD3 /* Recipe.swift */,
				55EFB5AE238ED8F600C6E010 /* Ingredient.swift */,
				55EFB5B0238ED95C00C6E010 /* SearchedIngredient.swift */,
				55EFB5B2238EDA4E00C6E010 /* adIDs.swift */,
			);
			path = Model;
			sourceTree = "<group>";
		};
		55E7980522C9BE2200C79357 = {
			isa = PBXGroup;
			children = (
				55B293FB2394150300887BE8 /* .gitattributes */,
				55E7981022C9BE2200C79357 /* WhatToEat */,
				55E7982822C9BE2400C79357 /* WhatToEatTests */,
				55E7983322C9BE2400C79357 /* WhatToEatUITests */,
				55E7980F22C9BE2200C79357 /* Products */,
				1E300F60416D14570402B5ED /* Pods */,
				1C0E6911547928BEDD06E3FA /* Frameworks */,
			);
			sourceTree = "<group>";
		};
		55E7980F22C9BE2200C79357 /* Products */ = {
			isa = PBXGroup;
			children = (
				55E7980E22C9BE2200C79357 /* WhatToEat.app */,
				55E7982522C9BE2400C79357 /* WhatToEatTests.xctest */,
				55E7983022C9BE2400C79357 /* WhatToEatUITests.xctest */,
			);
			name = Products;
			sourceTree = "<group>";
		};
		55E7981022C9BE2200C79357 /* WhatToEat */ = {
			isa = PBXGroup;
			children = (
				55E7981122C9BE2200C79357 /* AppDelegate.swift */,
				551C331D230C73CD00D0F9AF /* Model */,
				55EFB5AC238ED6E700C6E010 /* View */,
				55EFB5AD238ED82100C6E010 /* Controller */,
				55EFB5A4238ED5CE00C6E010 /* Extensions */,
				551C331C230C73A400D0F9AF /* Fonts */,
				55E7981B22C9BE2400C79357 /* Assets.xcassets */,
				55E7981D22C9BE2400C79357 /* LaunchScreen.storyboard */,
				55E7982022C9BE2400C79357 /* Info.plist */,
				55E7981822C9BE2200C79357 /* WhatToEat.xcdatamodeld */,
			);
			path = WhatToEat;
			sourceTree = "<group>";
		};
		55E7982822C9BE2400C79357 /* WhatToEatTests */ = {
			isa = PBXGroup;
			children = (
				55E7982922C9BE2400C79357 /* WhatToEatTests.swift */,
				55E7982B22C9BE2400C79357 /* Info.plist */,
			);
			path = WhatToEatTests;
			sourceTree = "<group>";
		};
		55E7983322C9BE2400C79357 /* WhatToEatUITests */ = {
			isa = PBXGroup;
			children = (
				55E7983422C9BE2400C79357 /* WhatToEatUITests.swift */,
				55E7983622C9BE2400C79357 /* Info.plist */,
			);
			path = WhatToEatUITests;
			sourceTree = "<group>";
		};
		55EFB5A4238ED5CE00C6E010 /* Extensions */ = {
			isa = PBXGroup;
			children = (
				55EFB5A5238ED5EE00C6E010 /* UIColor+Extension.swift */,
				55EFB5A7238ED60F00C6E010 /* UIViewController+Extension.swift */,
				55EFB5A9238ED64200C6E010 /* UIView+Extension.swift */,
				55EFB5B8238F3F6600C6E010 /* Array<Int>+Extension.swift */,
			);
			path = Extensions;
			sourceTree = "<group>";
		};
		55EFB5AB238ED6A500C6E010 /* TabBar */ = {
			isa = PBXGroup;
			children = (
				55667882231774B100150909 /* CustomUITabBarController.swift */,
			);
			path = TabBar;
			sourceTree = "<group>";
		};
		55EFB5AC238ED6E700C6E010 /* View */ = {
			isa = PBXGroup;
			children = (
				5583618522FCACD9004BA28D /* BadgeBarButtonItem.swift */,
				553A273F22E4CB7E0063AD58 /* AutocompleteSearchTableViewCell.swift */,
				559F53E522F2145000EDCA31 /* SavedIngredientTableViewCell.swift */,
				55C9F49522DF843100CF3DD3 /* SearchResultTableViewCell.swift */,
				55EFB5BA238F429000C6E010 /* RecipeDetailView */,
				55EFB5BB238F429E00C6E010 /* DietCollectionViewCell */,
				55EFB5BC238F42AB00C6E010 /* RecipeIngredientTableViewCell */,
				55EFB5BD238F42BE00C6E010 /* RecipeInstructionTableViewCell */,
				55EFB5BE238F42D500C6E010 /* SourceTableViewCell */,
			);
			path = View;
			sourceTree = "<group>";
		};
		55EFB5AD238ED82100C6E010 /* Controller */ = {
			isa = PBXGroup;
			children = (
				55E7981522C9BE2200C79357 /* Main.storyboard */,
				55E7981322C9BE2200C79357 /* HomeViewController.swift */,
				553FCCA122FB707E0016DC5C /* SavedIngredientViewController.swift */,
				55C9F48B22DEE3A300CF3DD3 /* SearchResultsViewController.swift */,
				550E986322F33A3500A135A3 /* RecipeDetailViewController.swift */,
				5533965323131879009CE91F /* SavedRecipesViewController.swift */,
				5566787A23159A5300150909 /* SearchByRecipesViewController.swift */,
				55EFB5B4238EDA8900C6E010 /* PersistenceManager.swift */,
				55EFB5BF238F485600C6E010 /* SpoonacularManager.swift */,
				55EFB5B6238F3EAC00C6E010 /* Helpers.swift */,
				55EFB5AB238ED6A500C6E010 /* TabBar */,
			);
			path = Controller;
			sourceTree = "<group>";
		};
		55EFB5BA238F429000C6E010 /* RecipeDetailView */ = {
			isa = PBXGroup;
			children = (
				55B15DA422FCFCBB00B39B69 /* RecipeDetailView.swift */,
				55B15DA622FCFCC600B39B69 /* RecipeDetailView.xib */,
			);
			path = RecipeDetailView;
			sourceTree = "<group>";
		};
		55EFB5BB238F429E00C6E010 /* DietCollectionViewCell */ = {
			isa = PBXGroup;
			children = (
				551C3310230C4B8500D0F9AF /* DietCollectionViewCell.swift */,
				551C3314230C4CB900D0F9AF /* DietCollectionViewCellView.xib */,
			);
			path = DietCollectionViewCell;
			sourceTree = "<group>";
		};
		55EFB5BC238F42AB00C6E010 /* RecipeIngredientTableViewCell */ = {
			isa = PBXGroup;
			children = (
				551C331E230C741D00D0F9AF /* RecipeIngredientTableViewCell.swift */,
				551C3320230C743600D0F9AF /* RecipeIngredientTableViewCellView.xib */,
			);
			path = RecipeIngredientTableViewCell;
			sourceTree = "<group>";
		};
		55EFB5BD238F42BE00C6E010 /* RecipeInstructionTableViewCell */ = {
			isa = PBXGroup;
			children = (
				551C3322230CAE4B00D0F9AF /* RecipeInstructionTableViewCell.swift */,
				551C3324230CAE5600D0F9AF /* RecipeInstructionTableViewCellView.xib */,
			);
			path = RecipeInstructionTableViewCell;
			sourceTree = "<group>";
		};
		55EFB5BE238F42D500C6E010 /* SourceTableViewCell */ = {
			isa = PBXGroup;
			children = (
				5566787623158DE100150909 /* SourceTableViewCellView.xib */,
				5566787823158E5C00150909 /* SourceTableViewCell.swift */,
			);
			path = SourceTableViewCell;
			sourceTree = "<group>";
		};
/* End PBXGroup section */

/* Begin PBXNativeTarget section */
		55E7980D22C9BE2200C79357 /* WhatToEat */ = {
			isa = PBXNativeTarget;
			buildConfigurationList = 55E7983922C9BE2400C79357 /* Build configuration list for PBXNativeTarget "WhatToEat" */;
			buildPhases = (
				44DD3B1C5623E7670869B771 /* [CP] Check Pods Manifest.lock */,
				55E7980A22C9BE2200C79357 /* Sources */,
				55E7980B22C9BE2200C79357 /* Frameworks */,
				55E7980C22C9BE2200C79357 /* Resources */,
				4D3630E70809A5DF58B8E60F /* [CP] Embed Pods Frameworks */,
			);
			buildRules = (
			);
			dependencies = (
			);
			name = WhatToEat;
			productName = WhatToEat;
			productReference = 55E7980E22C9BE2200C79357 /* WhatToEat.app */;
			productType = "com.apple.product-type.application";
		};
		55E7982422C9BE2400C79357 /* WhatToEatTests */ = {
			isa = PBXNativeTarget;
			buildConfigurationList = 55E7983C22C9BE2400C79357 /* Build configuration list for PBXNativeTarget "WhatToEatTests" */;
			buildPhases = (
				D43A16A59C2C1FE0CBA06077 /* [CP] Check Pods Manifest.lock */,
				55E7982122C9BE2400C79357 /* Sources */,
				55E7982222C9BE2400C79357 /* Frameworks */,
				55E7982322C9BE2400C79357 /* Resources */,
			);
			buildRules = (
			);
			dependencies = (
				55E7982722C9BE2400C79357 /* PBXTargetDependency */,
			);
			name = WhatToEatTests;
			productName = WhatToEatTests;
			productReference = 55E7982522C9BE2400C79357 /* WhatToEatTests.xctest */;
			productType = "com.apple.product-type.bundle.unit-test";
		};
		55E7982F22C9BE2400C79357 /* WhatToEatUITests */ = {
			isa = PBXNativeTarget;
			buildConfigurationList = 55E7983F22C9BE2400C79357 /* Build configuration list for PBXNativeTarget "WhatToEatUITests" */;
			buildPhases = (
				B79610E10B7E8044FDC2300D /* [CP] Check Pods Manifest.lock */,
				55E7982C22C9BE2400C79357 /* Sources */,
				55E7982D22C9BE2400C79357 /* Frameworks */,
				55E7982E22C9BE2400C79357 /* Resources */,
			);
			buildRules = (
			);
			dependencies = (
				55E7983222C9BE2400C79357 /* PBXTargetDependency */,
			);
			name = WhatToEatUITests;
			productName = WhatToEatUITests;
			productReference = 55E7983022C9BE2400C79357 /* WhatToEatUITests.xctest */;
			productType = "com.apple.product-type.bundle.ui-testing";
		};
/* End PBXNativeTarget section */

/* Begin PBXProject section */
		55E7980622C9BE2200C79357 /* Project object */ = {
			isa = PBXProject;
			attributes = {
				LastSwiftUpdateCheck = 1020;
				LastUpgradeCheck = 1020;
				ORGANIZATIONNAME = "Fiesta Togo Inc";
				TargetAttributes = {
					55E7980D22C9BE2200C79357 = {
						CreatedOnToolsVersion = 10.2.1;
					};
					55E7982422C9BE2400C79357 = {
						CreatedOnToolsVersion = 10.2.1;
						TestTargetID = 55E7980D22C9BE2200C79357;
					};
					55E7982F22C9BE2400C79357 = {
						CreatedOnToolsVersion = 10.2.1;
						TestTargetID = 55E7980D22C9BE2200C79357;
					};
				};
			};
			buildConfigurationList = 55E7980922C9BE2200C79357 /* Build configuration list for PBXProject "WhatToEat" */;
			compatibilityVersion = "Xcode 9.3";
			developmentRegion = en;
			hasScannedForEncodings = 0;
			knownRegions = (
				en,
				Base,
			);
			mainGroup = 55E7980522C9BE2200C79357;
			productRefGroup = 55E7980F22C9BE2200C79357 /* Products */;
			projectDirPath = "";
			projectRoot = "";
			targets = (
				55E7980D22C9BE2200C79357 /* WhatToEat */,
				55E7982422C9BE2400C79357 /* WhatToEatTests */,
				55E7982F22C9BE2400C79357 /* WhatToEatUITests */,
			);
		};
/* End PBXProject section */

/* Begin PBXResourcesBuildPhase section */
		55E7980C22C9BE2200C79357 /* Resources */ = {
			isa = PBXResourcesBuildPhase;
			buildActionMask = 2147483647;
			files = (
				55E7981F22C9BE2400C79357 /* LaunchScreen.storyboard in Resources */,
				5566787723158DE200150909 /* SourceTableViewCellView.xib in Resources */,
				55E7981C22C9BE2400C79357 /* Assets.xcassets in Resources */,
				5583618322FC8B02004BA28D /* Gotham-Book.otf in Resources */,
				551C3325230CAE5600D0F9AF /* RecipeInstructionTableViewCellView.xib in Resources */,
				551C3315230C4CB900D0F9AF /* DietCollectionViewCellView.xib in Resources */,
				55E7981722C9BE2200C79357 /* Main.storyboard in Resources */,
				551C3321230C743600D0F9AF /* RecipeIngredientTableViewCellView.xib in Resources */,
				55B293FC2394150300887BE8 /* .gitattributes in Resources */,
				5583618422FC8B05004BA28D /* PoetsenOne-Regular.ttf in Resources */,
				55B15DA722FCFCC600B39B69 /* RecipeDetailView.xib in Resources */,
			);
			runOnlyForDeploymentPostprocessing = 0;
		};
		55E7982322C9BE2400C79357 /* Resources */ = {
			isa = PBXResourcesBuildPhase;
			buildActionMask = 2147483647;
			files = (
			);
			runOnlyForDeploymentPostprocessing = 0;
		};
		55E7982E22C9BE2400C79357 /* Resources */ = {
			isa = PBXResourcesBuildPhase;
			buildActionMask = 2147483647;
			files = (
			);
			runOnlyForDeploymentPostprocessing = 0;
		};
/* End PBXResourcesBuildPhase section */

/* Begin PBXShellScriptBuildPhase section */
		44DD3B1C5623E7670869B771 /* [CP] Check Pods Manifest.lock */ = {
			isa = PBXShellScriptBuildPhase;
			buildActionMask = 2147483647;
			files = (
			);
			inputFileListPaths = (
			);
			inputPaths = (
				"${PODS_PODFILE_DIR_PATH}/Podfile.lock",
				"${PODS_ROOT}/Manifest.lock",
			);
			name = "[CP] Check Pods Manifest.lock";
			outputFileListPaths = (
			);
			outputPaths = (
				"$(DERIVED_FILE_DIR)/Pods-WhatToEat-checkManifestLockResult.txt",
			);
			runOnlyForDeploymentPostprocessing = 0;
			shellPath = /bin/sh;
			shellScript = "diff \"${PODS_PODFILE_DIR_PATH}/Podfile.lock\" \"${PODS_ROOT}/Manifest.lock\" > /dev/null\nif [ $? != 0 ] ; then\n    # print error to STDERR\n    echo \"error: The sandbox is not in sync with the Podfile.lock. Run 'pod install' or update your CocoaPods installation.\" >&2\n    exit 1\nfi\n# This output is used by Xcode 'outputs' to avoid re-running this script phase.\necho \"SUCCESS\" > \"${SCRIPT_OUTPUT_FILE_0}\"\n";
			showEnvVarsInLog = 0;
		};
		4D3630E70809A5DF58B8E60F /* [CP] Embed Pods Frameworks */ = {
			isa = PBXShellScriptBuildPhase;
			buildActionMask = 2147483647;
			files = (
			);
			inputFileListPaths = (
			);
			inputPaths = (
				"${PODS_ROOT}/Target Support Files/Pods-WhatToEat/Pods-WhatToEat-frameworks.sh",
				"${BUILT_PRODUCTS_DIR}/GoogleUtilities/GoogleUtilities.framework",
				"${BUILT_PRODUCTS_DIR}/Unirest/Unirest.framework",
				"${BUILT_PRODUCTS_DIR}/nanopb/nanopb.framework",
			);
			name = "[CP] Embed Pods Frameworks";
			outputFileListPaths = (
			);
			outputPaths = (
				"${TARGET_BUILD_DIR}/${FRAMEWORKS_FOLDER_PATH}/GoogleUtilities.framework",
				"${TARGET_BUILD_DIR}/${FRAMEWORKS_FOLDER_PATH}/Unirest.framework",
				"${TARGET_BUILD_DIR}/${FRAMEWORKS_FOLDER_PATH}/nanopb.framework",
			);
			runOnlyForDeploymentPostprocessing = 0;
			shellPath = /bin/sh;
			shellScript = "\"${PODS_ROOT}/Target Support Files/Pods-WhatToEat/Pods-WhatToEat-frameworks.sh\"\n";
			showEnvVarsInLog = 0;
		};
		B79610E10B7E8044FDC2300D /* [CP] Check Pods Manifest.lock */ = {
			isa = PBXShellScriptBuildPhase;
			buildActionMask = 2147483647;
			files = (
			);
			inputFileListPaths = (
			);
			inputPaths = (
				"${PODS_PODFILE_DIR_PATH}/Podfile.lock",
				"${PODS_ROOT}/Manifest.lock",
			);
			name = "[CP] Check Pods Manifest.lock";
			outputFileListPaths = (
			);
			outputPaths = (
				"$(DERIVED_FILE_DIR)/Pods-WhatToEatUITests-checkManifestLockResult.txt",
			);
			runOnlyForDeploymentPostprocessing = 0;
			shellPath = /bin/sh;
			shellScript = "diff \"${PODS_PODFILE_DIR_PATH}/Podfile.lock\" \"${PODS_ROOT}/Manifest.lock\" > /dev/null\nif [ $? != 0 ] ; then\n    # print error to STDERR\n    echo \"error: The sandbox is not in sync with the Podfile.lock. Run 'pod install' or update your CocoaPods installation.\" >&2\n    exit 1\nfi\n# This output is used by Xcode 'outputs' to avoid re-running this script phase.\necho \"SUCCESS\" > \"${SCRIPT_OUTPUT_FILE_0}\"\n";
			showEnvVarsInLog = 0;
		};
		D43A16A59C2C1FE0CBA06077 /* [CP] Check Pods Manifest.lock */ = {
			isa = PBXShellScriptBuildPhase;
			buildActionMask = 2147483647;
			files = (
			);
			inputFileListPaths = (
			);
			inputPaths = (
				"${PODS_PODFILE_DIR_PATH}/Podfile.lock",
				"${PODS_ROOT}/Manifest.lock",
			);
			name = "[CP] Check Pods Manifest.lock";
			outputFileListPaths = (
			);
			outputPaths = (
				"$(DERIVED_FILE_DIR)/Pods-WhatToEatTests-checkManifestLockResult.txt",
			);
			runOnlyForDeploymentPostprocessing = 0;
			shellPath = /bin/sh;
			shellScript = "diff \"${PODS_PODFILE_DIR_PATH}/Podfile.lock\" \"${PODS_ROOT}/Manifest.lock\" > /dev/null\nif [ $? != 0 ] ; then\n    # print error to STDERR\n    echo \"error: The sandbox is not in sync with the Podfile.lock. Run 'pod install' or update your CocoaPods installation.\" >&2\n    exit 1\nfi\n# This output is used by Xcode 'outputs' to avoid re-running this script phase.\necho \"SUCCESS\" > \"${SCRIPT_OUTPUT_FILE_0}\"\n";
			showEnvVarsInLog = 0;
		};
/* End PBXShellScriptBuildPhase section */

/* Begin PBXSourcesBuildPhase section */
		55E7980A22C9BE2200C79357 /* Sources */ = {
			isa = PBXSourcesBuildPhase;
			buildActionMask = 2147483647;
			files = (
				55C9F49622DF843100CF3DD3 /* SearchResultTableViewCell.swift in Sources */,
				553FCCA222FB707E0016DC5C /* SavedIngredientViewController.swift in Sources */,
				551C331F230C741D00D0F9AF /* RecipeIngredientTableViewCell.swift in Sources */,
				55B15DA522FCFCBB00B39B69 /* RecipeDetailView.swift in Sources */,
				55EFB5AF238ED8F600C6E010 /* Ingredient.swift in Sources */,
				55EFB5B5238EDA8900C6E010 /* PersistenceManager.swift in Sources */,
				55E7981422C9BE2200C79357 /* HomeViewController.swift in Sources */,
				551C3311230C4B8500D0F9AF /* DietCollectionViewCell.swift in Sources */,
				553A274022E4CB7E0063AD58 /* AutocompleteSearchTableViewCell.swift in Sources */,
				55E7981222C9BE2200C79357 /* AppDelegate.swift in Sources */,
				5566787923158E5C00150909 /* SourceTableViewCell.swift in Sources */,
				55EFB5B3238EDA4E00C6E010 /* adIDs.swift in Sources */,
				559F53E622F2145000EDCA31 /* SavedIngredientTableViewCell.swift in Sources */,
				55EFB5B9238F3F6600C6E010 /* Array<Int>+Extension.swift in Sources */,
				55E7981A22C9BE2200C79357 /* WhatToEat.xcdatamodeld in Sources */,
				55667883231774B100150909 /* CustomUITabBarController.swift in Sources */,
				55EFB5A8238ED60F00C6E010 /* UIViewController+Extension.swift in Sources */,
				5566787B23159A5300150909 /* SearchByRecipesViewController.swift in Sources */,
				5583618622FCACD9004BA28D /* BadgeBarButtonItem.swift in Sources */,
				55C9F48A22DEBE9E00CF3DD3 /* Recipe.swift in Sources */,
				55EFB5A6238ED5EE00C6E010 /* UIColor+Extension.swift in Sources */,
				551C3323230CAE4B00D0F9AF /* RecipeInstructionTableViewCell.swift in Sources */,
				55EFB5B1238ED95C00C6E010 /* SearchedIngredient.swift in Sources */,
				55EFB5B7238F3EAC00C6E010 /* Helpers.swift in Sources */,
				55EFB5C0238F485600C6E010 /* SpoonacularManager.swift in Sources */,
				5533965423131879009CE91F /* SavedRecipesViewController.swift in Sources */,
				550E986422F33A3500A135A3 /* RecipeDetailViewController.swift in Sources */,
				55C9F48C22DEE3A300CF3DD3 /* SearchResultsViewController.swift in Sources */,
				55EFB5AA238ED64200C6E010 /* UIView+Extension.swift in Sources */,
			);
			runOnlyForDeploymentPostprocessing = 0;
		};
		55E7982122C9BE2400C79357 /* Sources */ = {
			isa = PBXSourcesBuildPhase;
			buildActionMask = 2147483647;
			files = (
				55E7982A22C9BE2400C79357 /* WhatToEatTests.swift in Sources */,
			);
			runOnlyForDeploymentPostprocessing = 0;
		};
		55E7982C22C9BE2400C79357 /* Sources */ = {
			isa = PBXSourcesBuildPhase;
			buildActionMask = 2147483647;
			files = (
				55E7983522C9BE2400C79357 /* WhatToEatUITests.swift in Sources */,
			);
			runOnlyForDeploymentPostprocessing = 0;
		};
/* End PBXSourcesBuildPhase section */

/* Begin PBXTargetDependency section */
		55E7982722C9BE2400C79357 /* PBXTargetDependency */ = {
			isa = PBXTargetDependency;
			target = 55E7980D22C9BE2200C79357 /* WhatToEat */;
			targetProxy = 55E7982622C9BE2400C79357 /* PBXContainerItemProxy */;
		};
		55E7983222C9BE2400C79357 /* PBXTargetDependency */ = {
			isa = PBXTargetDependency;
			target = 55E7980D22C9BE2200C79357 /* WhatToEat */;
			targetProxy = 55E7983122C9BE2400C79357 /* PBXContainerItemProxy */;
		};
/* End PBXTargetDependency section */

/* Begin PBXVariantGroup section */
		55E7981522C9BE2200C79357 /* Main.storyboard */ = {
			isa = PBXVariantGroup;
			children = (
				55E7981622C9BE2200C79357 /* Base */,
			);
			name = Main.storyboard;
			sourceTree = "<group>";
		};
		55E7981D22C9BE2400C79357 /* LaunchScreen.storyboard */ = {
			isa = PBXVariantGroup;
			children = (
				55E7981E22C9BE2400C79357 /* Base */,
			);
			name = LaunchScreen.storyboard;
			sourceTree = "<group>";
		};
/* End PBXVariantGroup section */

/* Begin XCBuildConfiguration section */
		55E7983722C9BE2400C79357 /* Debug */ = {
			isa = XCBuildConfiguration;
			buildSettings = {
				ALWAYS_SEARCH_USER_PATHS = NO;
				CLANG_ANALYZER_NONNULL = YES;
				CLANG_ANALYZER_NUMBER_OBJECT_CONVERSION = YES_AGGRESSIVE;
				CLANG_CXX_LANGUAGE_STANDARD = "gnu++14";
				CLANG_CXX_LIBRARY = "libc++";
				CLANG_ENABLE_MODULES = YES;
				CLANG_ENABLE_OBJC_ARC = YES;
				CLANG_ENABLE_OBJC_WEAK = YES;
				CLANG_WARN_BLOCK_CAPTURE_AUTORELEASING = YES;
				CLANG_WARN_BOOL_CONVERSION = YES;
				CLANG_WARN_COMMA = YES;
				CLANG_WARN_CONSTANT_CONVERSION = YES;
				CLANG_WARN_DEPRECATED_OBJC_IMPLEMENTATIONS = YES;
				CLANG_WARN_DIRECT_OBJC_ISA_USAGE = YES_ERROR;
				CLANG_WARN_DOCUMENTATION_COMMENTS = YES;
				CLANG_WARN_EMPTY_BODY = YES;
				CLANG_WARN_ENUM_CONVERSION = YES;
				CLANG_WARN_INFINITE_RECURSION = YES;
				CLANG_WARN_INT_CONVERSION = YES;
				CLANG_WARN_NON_LITERAL_NULL_CONVERSION = YES;
				CLANG_WARN_OBJC_IMPLICIT_RETAIN_SELF = YES;
				CLANG_WARN_OBJC_LITERAL_CONVERSION = YES;
				CLANG_WARN_OBJC_ROOT_CLASS = YES_ERROR;
				CLANG_WARN_RANGE_LOOP_ANALYSIS = YES;
				CLANG_WARN_STRICT_PROTOTYPES = YES;
				CLANG_WARN_SUSPICIOUS_MOVE = YES;
				CLANG_WARN_UNGUARDED_AVAILABILITY = YES_AGGRESSIVE;
				CLANG_WARN_UNREACHABLE_CODE = YES;
				CLANG_WARN__DUPLICATE_METHOD_MATCH = YES;
				CODE_SIGN_IDENTITY = "iPhone Developer";
				COPY_PHASE_STRIP = NO;
				DEBUG_INFORMATION_FORMAT = dwarf;
				ENABLE_STRICT_OBJC_MSGSEND = YES;
				ENABLE_TESTABILITY = YES;
				GCC_C_LANGUAGE_STANDARD = gnu11;
				GCC_DYNAMIC_NO_PIC = NO;
				GCC_NO_COMMON_BLOCKS = YES;
				GCC_OPTIMIZATION_LEVEL = 0;
				GCC_PREPROCESSOR_DEFINITIONS = (
					"DEBUG=1",
					"$(inherited)",
				);
				GCC_WARN_64_TO_32_BIT_CONVERSION = YES;
				GCC_WARN_ABOUT_RETURN_TYPE = YES_ERROR;
				GCC_WARN_UNDECLARED_SELECTOR = YES;
				GCC_WARN_UNINITIALIZED_AUTOS = YES_AGGRESSIVE;
				GCC_WARN_UNUSED_FUNCTION = YES;
				GCC_WARN_UNUSED_VARIABLE = YES;
				IPHONEOS_DEPLOYMENT_TARGET = 12.2;
				MTL_ENABLE_DEBUG_INFO = INCLUDE_SOURCE;
				MTL_FAST_MATH = YES;
				ONLY_ACTIVE_ARCH = YES;
				SDKROOT = iphoneos;
				SWIFT_ACTIVE_COMPILATION_CONDITIONS = DEBUG;
				SWIFT_OPTIMIZATION_LEVEL = "-Onone";
			};
			name = Debug;
		};
		55E7983822C9BE2400C79357 /* Release */ = {
			isa = XCBuildConfiguration;
			buildSettings = {
				ALWAYS_SEARCH_USER_PATHS = NO;
				CLANG_ANALYZER_NONNULL = YES;
				CLANG_ANALYZER_NUMBER_OBJECT_CONVERSION = YES_AGGRESSIVE;
				CLANG_CXX_LANGUAGE_STANDARD = "gnu++14";
				CLANG_CXX_LIBRARY = "libc++";
				CLANG_ENABLE_MODULES = YES;
				CLANG_ENABLE_OBJC_ARC = YES;
				CLANG_ENABLE_OBJC_WEAK = YES;
				CLANG_WARN_BLOCK_CAPTURE_AUTORELEASING = YES;
				CLANG_WARN_BOOL_CONVERSION = YES;
				CLANG_WARN_COMMA = YES;
				CLANG_WARN_CONSTANT_CONVERSION = YES;
				CLANG_WARN_DEPRECATED_OBJC_IMPLEMENTATIONS = YES;
				CLANG_WARN_DIRECT_OBJC_ISA_USAGE = YES_ERROR;
				CLANG_WARN_DOCUMENTATION_COMMENTS = YES;
				CLANG_WARN_EMPTY_BODY = YES;
				CLANG_WARN_ENUM_CONVERSION = YES;
				CLANG_WARN_INFINITE_RECURSION = YES;
				CLANG_WARN_INT_CONVERSION = YES;
				CLANG_WARN_NON_LITERAL_NULL_CONVERSION = YES;
				CLANG_WARN_OBJC_IMPLICIT_RETAIN_SELF = YES;
				CLANG_WARN_OBJC_LITERAL_CONVERSION = YES;
				CLANG_WARN_OBJC_ROOT_CLASS = YES_ERROR;
				CLANG_WARN_RANGE_LOOP_ANALYSIS = YES;
				CLANG_WARN_STRICT_PROTOTYPES = YES;
				CLANG_WARN_SUSPICIOUS_MOVE = YES;
				CLANG_WARN_UNGUARDED_AVAILABILITY = YES_AGGRESSIVE;
				CLANG_WARN_UNREACHABLE_CODE = YES;
				CLANG_WARN__DUPLICATE_METHOD_MATCH = YES;
				CODE_SIGN_IDENTITY = "iPhone Developer";
				COPY_PHASE_STRIP = NO;
				DEBUG_INFORMATION_FORMAT = "dwarf-with-dsym";
				ENABLE_NS_ASSERTIONS = NO;
				ENABLE_STRICT_OBJC_MSGSEND = YES;
				GCC_C_LANGUAGE_STANDARD = gnu11;
				GCC_NO_COMMON_BLOCKS = YES;
				GCC_WARN_64_TO_32_BIT_CONVERSION = YES;
				GCC_WARN_ABOUT_RETURN_TYPE = YES_ERROR;
				GCC_WARN_UNDECLARED_SELECTOR = YES;
				GCC_WARN_UNINITIALIZED_AUTOS = YES_AGGRESSIVE;
				GCC_WARN_UNUSED_FUNCTION = YES;
				GCC_WARN_UNUSED_VARIABLE = YES;
				IPHONEOS_DEPLOYMENT_TARGET = 12.2;
				MTL_ENABLE_DEBUG_INFO = NO;
				MTL_FAST_MATH = YES;
				SDKROOT = iphoneos;
				SWIFT_COMPILATION_MODE = wholemodule;
				SWIFT_OPTIMIZATION_LEVEL = "-O";
				VALIDATE_PRODUCT = YES;
			};
			name = Release;
		};
		55E7983A22C9BE2400C79357 /* Debug */ = {
			isa = XCBuildConfiguration;
			baseConfigurationReference = BDD7C87AA04B20C097FAFCE2 /* Pods-WhatToEat.debug.xcconfig */;
			buildSettings = {
				ASSETCATALOG_COMPILER_APPICON_NAME = AppIcon;
				ASSETCATALOG_COMPILER_LAUNCHIMAGE_NAME = LaunchImage;
				CODE_SIGN_STYLE = Automatic;
				DEVELOPMENT_TEAM = 2RB8YD7NFS;
				FRAMEWORK_SEARCH_PATHS = (
					"$(inherited)",
					"$(PROJECT_DIR)/WhatToEat",
					"$(PROJECT_DIR)",
				);
				INFOPLIST_FILE = WhatToEat/Info.plist;
				LD_RUNPATH_SEARCH_PATHS = (
					"$(inherited)",
					"@executable_path/Frameworks",
				);
				PRODUCT_BUNDLE_IDENTIFIER = com.FiestaToGo.WhatToCook;
				PRODUCT_NAME = "$(TARGET_NAME)";
				SWIFT_VERSION = 5.0;
				TARGETED_DEVICE_FAMILY = 1;
			};
			name = Debug;
		};
		55E7983B22C9BE2400C79357 /* Release */ = {
			isa = XCBuildConfiguration;
			baseConfigurationReference = 232305AB4B00FC9A2576AEB2 /* Pods-WhatToEat.release.xcconfig */;
			buildSettings = {
				ASSETCATALOG_COMPILER_APPICON_NAME = AppIcon;
				ASSETCATALOG_COMPILER_LAUNCHIMAGE_NAME = LaunchImage;
				CODE_SIGN_STYLE = Automatic;
				DEVELOPMENT_TEAM = 2RB8YD7NFS;
				FRAMEWORK_SEARCH_PATHS = (
					"$(inherited)",
					"$(PROJECT_DIR)/WhatToEat",
					"$(PROJECT_DIR)",
				);
				INFOPLIST_FILE = WhatToEat/Info.plist;
				LD_RUNPATH_SEARCH_PATHS = (
					"$(inherited)",
					"@executable_path/Frameworks",
				);
				PRODUCT_BUNDLE_IDENTIFIER = com.FiestaToGo.WhatToCook;
				PRODUCT_NAME = "$(TARGET_NAME)";
				SWIFT_VERSION = 5.0;
				TARGETED_DEVICE_FAMILY = 1;
			};
			name = Release;
		};
		55E7983D22C9BE2400C79357 /* Debug */ = {
			isa = XCBuildConfiguration;
			baseConfigurationReference = B8F851E2ECB0C9B4685C06EC /* Pods-WhatToEatTests.debug.xcconfig */;
			buildSettings = {
				ALWAYS_EMBED_SWIFT_STANDARD_LIBRARIES = YES;
				BUNDLE_LOADER = "$(TEST_HOST)";
				CODE_SIGN_STYLE = Automatic;
				DEVELOPMENT_TEAM = 2RB8YD7NFS;
				INFOPLIST_FILE = WhatToEatTests/Info.plist;
				LD_RUNPATH_SEARCH_PATHS = (
					"$(inherited)",
					"@executable_path/Frameworks",
					"@loader_path/Frameworks",
				);
				PRODUCT_BUNDLE_IDENTIFIER = com.FiestaToGo.WhatToEatTests;
				PRODUCT_NAME = "$(TARGET_NAME)";
				SWIFT_VERSION = 5.0;
				TARGETED_DEVICE_FAMILY = "1,2";
				TEST_HOST = "$(BUILT_PRODUCTS_DIR)/WhatToEat.app/WhatToEat";
			};
			name = Debug;
		};
		55E7983E22C9BE2400C79357 /* Release */ = {
			isa = XCBuildConfiguration;
			baseConfigurationReference = AB0F932205E036F56A8AB9D8 /* Pods-WhatToEatTests.release.xcconfig */;
			buildSettings = {
				ALWAYS_EMBED_SWIFT_STANDARD_LIBRARIES = YES;
				BUNDLE_LOADER = "$(TEST_HOST)";
				CODE_SIGN_STYLE = Automatic;
				DEVELOPMENT_TEAM = 2RB8YD7NFS;
				INFOPLIST_FILE = WhatToEatTests/Info.plist;
				LD_RUNPATH_SEARCH_PATHS = (
					"$(inherited)",
					"@executable_path/Frameworks",
					"@loader_path/Frameworks",
				);
				PRODUCT_BUNDLE_IDENTIFIER = com.FiestaToGo.WhatToEatTests;
				PRODUCT_NAME = "$(TARGET_NAME)";
				SWIFT_VERSION = 5.0;
				TARGETED_DEVICE_FAMILY = "1,2";
				TEST_HOST = "$(BUILT_PRODUCTS_DIR)/WhatToEat.app/WhatToEat";
			};
			name = Release;
		};
		55E7984022C9BE2400C79357 /* Debug */ = {
			isa = XCBuildConfiguration;
			baseConfigurationReference = B5BADD00CC1E88AEF9B3B04D /* Pods-WhatToEatUITests.debug.xcconfig */;
			buildSettings = {
				ALWAYS_EMBED_SWIFT_STANDARD_LIBRARIES = YES;
				CODE_SIGN_STYLE = Automatic;
				DEVELOPMENT_TEAM = 2RB8YD7NFS;
				INFOPLIST_FILE = WhatToEatUITests/Info.plist;
				LD_RUNPATH_SEARCH_PATHS = (
					"$(inherited)",
					"@executable_path/Frameworks",
					"@loader_path/Frameworks",
				);
				PRODUCT_BUNDLE_IDENTIFIER = com.FiestaToGo.WhatToEatUITests;
				PRODUCT_NAME = "$(TARGET_NAME)";
				SWIFT_VERSION = 5.0;
				TARGETED_DEVICE_FAMILY = "1,2";
				TEST_TARGET_NAME = WhatToEat;
			};
			name = Debug;
		};
		55E7984122C9BE2400C79357 /* Release */ = {
			isa = XCBuildConfiguration;
			baseConfigurationReference = FCA4625E2F44408CC83262AE /* Pods-WhatToEatUITests.release.xcconfig */;
			buildSettings = {
				ALWAYS_EMBED_SWIFT_STANDARD_LIBRARIES = YES;
				CODE_SIGN_STYLE = Automatic;
				DEVELOPMENT_TEAM = 2RB8YD7NFS;
				INFOPLIST_FILE = WhatToEatUITests/Info.plist;
				LD_RUNPATH_SEARCH_PATHS = (
					"$(inherited)",
					"@executable_path/Frameworks",
					"@loader_path/Frameworks",
				);
				PRODUCT_BUNDLE_IDENTIFIER = com.FiestaToGo.WhatToEatUITests;
				PRODUCT_NAME = "$(TARGET_NAME)";
				SWIFT_VERSION = 5.0;
				TARGETED_DEVICE_FAMILY = "1,2";
				TEST_TARGET_NAME = WhatToEat;
			};
			name = Release;
		};
/* End XCBuildConfiguration section */

/* Begin XCConfigurationList section */
		55E7980922C9BE2200C79357 /* Build configuration list for PBXProject "WhatToEat" */ = {
			isa = XCConfigurationList;
			buildConfigurations = (
				55E7983722C9BE2400C79357 /* Debug */,
				55E7983822C9BE2400C79357 /* Release */,
			);
			defaultConfigurationIsVisible = 0;
			defaultConfigurationName = Release;
		};
		55E7983922C9BE2400C79357 /* Build configuration list for PBXNativeTarget "WhatToEat" */ = {
			isa = XCConfigurationList;
			buildConfigurations = (
				55E7983A22C9BE2400C79357 /* Debug */,
				55E7983B22C9BE2400C79357 /* Release */,
			);
			defaultConfigurationIsVisible = 0;
			defaultConfigurationName = Release;
		};
		55E7983C22C9BE2400C79357 /* Build configuration list for PBXNativeTarget "WhatToEatTests" */ = {
			isa = XCConfigurationList;
			buildConfigurations = (
				55E7983D22C9BE2400C79357 /* Debug */,
				55E7983E22C9BE2400C79357 /* Release */,
			);
			defaultConfigurationIsVisible = 0;
			defaultConfigurationName = Release;
		};
		55E7983F22C9BE2400C79357 /* Build configuration list for PBXNativeTarget "WhatToEatUITests" */ = {
			isa = XCConfigurationList;
			buildConfigurations = (
				55E7984022C9BE2400C79357 /* Debug */,
				55E7984122C9BE2400C79357 /* Release */,
			);
			defaultConfigurationIsVisible = 0;
			defaultConfigurationName = Release;
		};
/* End XCConfigurationList section */

/* Begin XCVersionGroup section */
		55E7981822C9BE2200C79357 /* WhatToEat.xcdatamodeld */ = {
			isa = XCVersionGroup;
			children = (
				55E7981922C9BE2200C79357 /* WhatToEat.xcdatamodel */,
			);
			currentVersion = 55E7981922C9BE2200C79357 /* WhatToEat.xcdatamodel */;
			path = WhatToEat.xcdatamodeld;
			sourceTree = "<group>";
			versionGroupType = wrapper.xcdatamodel;
		};
/* End XCVersionGroup section */
	};
	rootObject = 55E7980622C9BE2200C79357 /* Project object */;
}
