// !$*UTF8*$!
{
	archiveVersion = 1;
	classes = {
	};
	objectVersion = 50;
	objects = {

/* Begin PBXBuildFile section */
		55E7981222C9BE2200C79357 /* AppDelegate.swift in Sources */ = {isa = PBXBuildFile; fileRef = 55E7981122C9BE2200C79357 /* AppDelegate.swift */; };
		55E7981422C9BE2200C79357 /* ViewController.swift in Sources */ = {isa = PBXBuildFile; fileRef = 55E7981322C9BE2200C79357 /* ViewController.swift */; };
		55E7981722C9BE2200C79357 /* Main.storyboard in Resources */ = {isa = PBXBuildFile; fileRef = 55E7981522C9BE2200C79357 /* Main.storyboard */; };
		55E7981A22C9BE2200C79357 /* WhatToEat.xcdatamodeld in Sources */ = {isa = PBXBuildFile; fileRef = 55E7981822C9BE2200C79357 /* WhatToEat.xcdatamodeld */; };
		55E7981C22C9BE2400C79357 /* Assets.xcassets in Resources */ = {isa = PBXBuildFile; fileRef = 55E7981B22C9BE2400C79357 /* Assets.xcassets */; };
		55E7981F22C9BE2400C79357 /* LaunchScreen.storyboard in Resources */ = {isa = PBXBuildFile; fileRef = 55E7981D22C9BE2400C79357 /* LaunchScreen.storyboard */; };
		55E7982A22C9BE2400C79357 /* WhatToEatTests.swift in Sources */ = {isa = PBXBuildFile; fileRef = 55E7982922C9BE2400C79357 /* WhatToEatTests.swift */; };
		55E7983522C9BE2400C79357 /* WhatToEatUITests.swift in Sources */ = {isa = PBXBuildFile; fileRef = 55E7983422C9BE2400C79357 /* WhatToEatUITests.swift */; };
/* End PBXBuildFile section */

/* Begin PBXContainerItemProxy section */
		55E7982622C9BE2400C79357 /* PBXContainerItemProxy */ = {
			isa = PBXContainerItemProxy;
			containerPortal = 55E7980622C9BE2200C79357 /* Project object */;
			proxyType = 1;
			remoteGlobalIDString = 55E7980D22C9BE2200C79357;
			remoteInfo = WhatToEat;
		};
		55E7983122C9BE2400C79357 /* PBXContainerItemProxy */ = {
			isa = PBXContainerItemProxy;
			containerPortal = 55E7980622C9BE2200C79357 /* Project object */;
			proxyType = 1;
			remoteGlobalIDString = 55E7980D22C9BE2200C79357;
			remoteInfo = WhatToEat;
		};
/* End PBXContainerItemProxy section */

/* Begin PBXFileReference section */
		55E7980E22C9BE2200C79357 /* WhatToEat.app */ = {isa = PBXFileReference; explicitFileType = wrapper.application; includeInIndex = 0; path = WhatToEat.app; sourceTree = BUILT_PRODUCTS_DIR; };
		55E7981122C9BE2200C79357 /* AppDelegate.swift */ = {isa = PBXFileReference; lastKnownFileType = sourcecode.swift; path = AppDelegate.swift; sourceTree = "<group>"; };
		55E7981322C9BE2200C79357 /* ViewController.swift */ = {isa = PBXFileReference; lastKnownFileType = sourcecode.swift; path = ViewController.swift; sourceTree = "<group>"; };
		55E7981622C9BE2200C79357 /* Base */ = {isa = PBXFileReference; lastKnownFileType = file.storyboard; name = Base; path = Base.lproj/Main.storyboard; sourceTree = "<group>"; };
		55E7981922C9BE2200C79357 /* WhatToEat.xcdatamodel */ = {isa = PBXFileReference; lastKnownFileType = wrapper.xcdatamodel; path = WhatToEat.xcdatamodel; sourceTree = "<group>"; };
		55E7981B22C9BE2400C79357 /* Assets.xcassets */ = {isa = PBXFileReference; lastKnownFileType = folder.assetcatalog; path = Assets.xcassets; sourceTree = "<group>"; };
		55E7981E22C9BE2400C79357 /* Base */ = {isa = PBXFileReference; lastKnownFileType = file.storyboard; name = Base; path = Base.lproj/LaunchScreen.storyboard; sourceTree = "<group>"; };
		55E7982022C9BE2400C79357 /* Info.plist */ = {isa = PBXFileReference; lastKnownFileType = text.plist.xml; path = Info.plist; sourceTree = "<group>"; };
		55E7982522C9BE2400C79357 /* WhatToEatTests.xctest */ = {isa = PBXFileReference; explicitFileType = wrapper.cfbundle; includeInIndex = 0; path = WhatToEatTests.xctest; sourceTree = BUILT_PRODUCTS_DIR; };
		55E7982922C9BE2400C79357 /* WhatToEatTests.swift */ = {isa = PBXFileReference; lastKnownFileType = sourcecode.swift; path = WhatToEatTests.swift; sourceTree = "<group>"; };
		55E7982B22C9BE2400C79357 /* Info.plist */ = {isa = PBXFileReference; lastKnownFileType = text.plist.xml; path = Info.plist; sourceTree = "<group>"; };
		55E7983022C9BE2400C79357 /* WhatToEatUITests.xctest */ = {isa = PBXFileReference; explicitFileType = wrapper.cfbundle; includeInIndex = 0; path = WhatToEatUITests.xctest; sourceTree = BUILT_PRODUCTS_DIR; };
		55E7983422C9BE2400C79357 /* WhatToEatUITests.swift */ = {isa = PBXFileReference; lastKnownFileType = sourcecode.swift; path = WhatToEatUITests.swift; sourceTree = "<group>"; };
		55E7983622C9BE2400C79357 /* Info.plist */ = {isa = PBXFileReference; lastKnownFileType = text.plist.xml; path = Info.plist; sourceTree = "<group>"; };
/* End PBXFileReference section */

/* Begin PBXFrameworksBuildPhase section */
		55E7980B22C9BE2200C79357 /* Frameworks */ = {
			isa = PBXFrameworksBuildPhase;
			buildActionMask = 2147483647;
			files = (
			);
			runOnlyForDeploymentPostprocessing = 0;
		};
		55E7982222C9BE2400C79357 /* Frameworks */ = {
			isa = PBXFrameworksBuildPhase;
			buildActionMask = 2147483647;
			files = (
			);
			runOnlyForDeploymentPostprocessing = 0;
		};
		55E7982D22C9BE2400C79357 /* Frameworks */ = {
			isa = PBXFrameworksBuildPhase;
			buildActionMask = 2147483647;
			files = (
			);
			runOnlyForDeploymentPostprocessing = 0;
		};
/* End PBXFrameworksBuildPhase section */

/* Begin PBXGroup section */
		55E7980522C9BE2200C79357 = {
			isa = PBXGroup;
			children = (
				55E7981022C9BE2200C79357 /* WhatToEat */,
				55E7982822C9BE2400C79357 /* WhatToEatTests */,
				55E7983322C9BE2400C79357 /* WhatToEatUITests */,
				55E7980F22C9BE2200C79357 /* Products */,
			);
			sourceTree = "<group>";
		};
		55E7980F22C9BE2200C79357 /* Products */ = {
			isa = PBXGroup;
			children = (
				55E7980E22C9BE2200C79357 /* WhatToEat.app */,
				55E7982522C9BE2400C79357 /* WhatToEatTests.xctest */,
				55E7983022C9BE2400C79357 /* WhatToEatUITests.xctest */,
			);
			name = Products;
			sourceTree = "<group>";
		};
		55E7981022C9BE2200C79357 /* WhatToEat */ = {
			isa = PBXGroup;
			children = (
				55E7981122C9BE2200C79357 /* AppDelegate.swift */,
				55E7981322C9BE2200C79357 /* ViewController.swift */,
				55E7981522C9BE2200C79357 /* Main.storyboard */,
				55E7981B22C9BE2400C79357 /* Assets.xcassets */,
				55E7981D22C9BE2400C79357 /* LaunchScreen.storyboard */,
				55E7982022C9BE2400C79357 /* Info.plist */,
				55E7981822C9BE2200C79357 /* WhatToEat.xcdatamodeld */,
			);
			path = WhatToEat;
			sourceTree = "<group>";
		};
		55E7982822C9BE2400C79357 /* WhatToEatTests */ = {
			isa = PBXGroup;
			children = (
				55E7982922C9BE2400C79357 /* WhatToEatTests.swift */,
				55E7982B22C9BE2400C79357 /* Info.plist */,
			);
			path = WhatToEatTests;
			sourceTree = "<group>";
		};
		55E7983322C9BE2400C79357 /* WhatToEatUITests */ = {
			isa = PBXGroup;
			children = (
				55E7983422C9BE2400C79357 /* WhatToEatUITests.swift */,
				55E7983622C9BE2400C79357 /* Info.plist */,
			);
			path = WhatToEatUITests;
			sourceTree = "<group>";
		};
/* End PBXGroup section */

/* Begin PBXNativeTarget section */
		55E7980D22C9BE2200C79357 /* WhatToEat */ = {
			isa = PBXNativeTarget;
			buildConfigurationList = 55E7983922C9BE2400C79357 /* Build configuration list for PBXNativeTarget "WhatToEat" */;
			buildPhases = (
				55E7980A22C9BE2200C79357 /* Sources */,
				55E7980B22C9BE2200C79357 /* Frameworks */,
				55E7980C22C9BE2200C79357 /* Resources */,
			);
			buildRules = (
			);
			dependencies = (
			);
			name = WhatToEat;
			productName = WhatToEat;
			productReference = 55E7980E22C9BE2200C79357 /* WhatToEat.app */;
			productType = "com.apple.product-type.application";
		};
		55E7982422C9BE2400C79357 /* WhatToEatTests */ = {
			isa = PBXNativeTarget;
			buildConfigurationList = 55E7983C22C9BE2400C79357 /* Build configuration list for PBXNativeTarget "WhatToEatTests" */;
			buildPhases = (
				55E7982122C9BE2400C79357 /* Sources */,
				55E7982222C9BE2400C79357 /* Frameworks */,
				55E7982322C9BE2400C79357 /* Resources */,
			);
			buildRules = (
			);
			dependencies = (
				55E7982722C9BE2400C79357 /* PBXTargetDependency */,
			);
			name = WhatToEatTests;
			productName = WhatToEatTests;
			productReference = 55E7982522C9BE2400C79357 /* WhatToEatTests.xctest */;
			productType = "com.apple.product-type.bundle.unit-test";
		};
		55E7982F22C9BE2400C79357 /* WhatToEatUITests */ = {
			isa = PBXNativeTarget;
			buildConfigurationList = 55E7983F22C9BE2400C79357 /* Build configuration list for PBXNativeTarget "WhatToEatUITests" */;
			buildPhases = (
				55E7982C22C9BE2400C79357 /* Sources */,
				55E7982D22C9BE2400C79357 /* Frameworks */,
				55E7982E22C9BE2400C79357 /* Resources */,
			);
			buildRules = (
			);
			dependencies = (
				55E7983222C9BE2400C79357 /* PBXTargetDependency */,
			);
			name = WhatToEatUITests;
			productName = WhatToEatUITests;
			productReference = 55E7983022C9BE2400C79357 /* WhatToEatUITests.xctest */;
			productType = "com.apple.product-type.bundle.ui-testing";
		};
/* End PBXNativeTarget section */

/* Begin PBXProject section */
		55E7980622C9BE2200C79357 /* Project object */ = {
			isa = PBXProject;
			attributes = {
				LastSwiftUpdateCheck = 1020;
				LastUpgradeCheck = 1020;
				ORGANIZATIONNAME = "Fiesta Togo Inc";
				TargetAttributes = {
					55E7980D22C9BE2200C79357 = {
						CreatedOnToolsVersion = 10.2.1;
					};
					55E7982422C9BE2400C79357 = {
						CreatedOnToolsVersion = 10.2.1;
						TestTargetID = 55E7980D22C9BE2200C79357;
					};
					55E7982F22C9BE2400C79357 = {
						CreatedOnToolsVersion = 10.2.1;
						TestTargetID = 55E7980D22C9BE2200C79357;
					};
				};
			};
			buildConfigurationList = 55E7980922C9BE2200C79357 /* Build configuration list for PBXProject "WhatToEat" */;
			compatibilityVersion = "Xcode 9.3";
			developmentRegion = en;
			hasScannedForEncodings = 0;
			knownRegions = (
				en,
				Base,
			);
			mainGroup = 55E7980522C9BE2200C79357;
			productRefGroup = 55E7980F22C9BE2200C79357 /* Products */;
			projectDirPath = "";
			projectRoot = "";
			targets = (
				55E7980D22C9BE2200C79357 /* WhatToEat */,
				55E7982422C9BE2400C79357 /* WhatToEatTests */,
				55E7982F22C9BE2400C79357 /* WhatToEatUITests */,
			);
		};
/* End PBXProject section */

/* Begin PBXResourcesBuildPhase section */
		55E7980C22C9BE2200C79357 /* Resources */ = {
			isa = PBXResourcesBuildPhase;
			buildActionMask = 2147483647;
			files = (
				55E7981F22C9BE2400C79357 /* LaunchScreen.storyboard in Resources */,
				55E7981C22C9BE2400C79357 /* Assets.xcassets in Resources */,
				55E7981722C9BE2200C79357 /* Main.storyboard in Resources */,
			);
			runOnlyForDeploymentPostprocessing = 0;
		};
		55E7982322C9BE2400C79357 /* Resources */ = {
			isa = PBXResourcesBuildPhase;
			buildActionMask = 2147483647;
			files = (
			);
			runOnlyForDeploymentPostprocessing = 0;
		};
		55E7982E22C9BE2400C79357 /* Resources */ = {
			isa = PBXResourcesBuildPhase;
			buildActionMask = 2147483647;
			files = (
			);
			runOnlyForDeploymentPostprocessing = 0;
		};
/* End PBXResourcesBuildPhase section */

/* Begin PBXSourcesBuildPhase section */
		55E7980A22C9BE2200C79357 /* Sources */ = {
			isa = PBXSourcesBuildPhase;
			buildActionMask = 2147483647;
			files = (
				55E7981422C9BE2200C79357 /* ViewController.swift in Sources */,
				55E7981222C9BE2200C79357 /* AppDelegate.swift in Sources */,
				55E7981A22C9BE2200C79357 /* WhatToEat.xcdatamodeld in Sources */,
			);
			runOnlyForDeploymentPostprocessing = 0;
		};
		55E7982122C9BE2400C79357 /* Sources */ = {
			isa = PBXSourcesBuildPhase;
			buildActionMask = 2147483647;
			files = (
				55E7982A22C9BE2400C79357 /* WhatToEatTests.swift in Sources */,
			);
			runOnlyForDeploymentPostprocessing = 0;
		};
		55E7982C22C9BE2400C79357 /* Sources */ = {
			isa = PBXSourcesBuildPhase;
			buildActionMask = 2147483647;
			files = (
				55E7983522C9BE2400C79357 /* WhatToEatUITests.swift in Sources */,
			);
			runOnlyForDeploymentPostprocessing = 0;
		};
/* End PBXSourcesBuildPhase section */

/* Begin PBXTargetDependency section */
		55E7982722C9BE2400C79357 /* PBXTargetDependency */ = {
			isa = PBXTargetDependency;
			target = 55E7980D22C9BE2200C79357 /* WhatToEat */;
			targetProxy = 55E7982622C9BE2400C79357 /* PBXContainerItemProxy */;
		};
		55E7983222C9BE2400C79357 /* PBXTargetDependency */ = {
			isa = PBXTargetDependency;
			target = 55E7980D22C9BE2200C79357 /* WhatToEat */;
			targetProxy = 55E7983122C9BE2400C79357 /* PBXContainerItemProxy */;
		};
/* End PBXTargetDependency section */

/* Begin PBXVariantGroup section */
		55E7981522C9BE2200C79357 /* Main.storyboard */ = {
			isa = PBXVariantGroup;
			children = (
				55E7981622C9BE2200C79357 /* Base */,
			);
			name = Main.storyboard;
			sourceTree = "<group>";
		};
		55E7981D22C9BE2400C79357 /* LaunchScreen.storyboard */ = {
			isa = PBXVariantGroup;
			children = (
				55E7981E22C9BE2400C79357 /* Base */,
			);
			name = LaunchScreen.storyboard;
			sourceTree = "<group>";
		};
/* End PBXVariantGroup section */

/* Begin XCBuildConfiguration section */
		55E7983722C9BE2400C79357 /* Debug */ = {
			isa = XCBuildConfiguration;
			buildSettings = {
				ALWAYS_SEARCH_USER_PATHS = NO;
				CLANG_ANALYZER_NONNULL = YES;
				CLANG_ANALYZER_NUMBER_OBJECT_CONVERSION = YES_AGGRESSIVE;
				CLANG_CXX_LANGUAGE_STANDARD = "gnu++14";
				CLANG_CXX_LIBRARY = "libc++";
				CLANG_ENABLE_MODULES = YES;
				CLANG_ENABLE_OBJC_ARC = YES;
				CLANG_ENABLE_OBJC_WEAK = YES;
				CLANG_WARN_BLOCK_CAPTURE_AUTORELEASING = YES;
				CLANG_WARN_BOOL_CONVERSION = YES;
				CLANG_WARN_COMMA = YES;
				CLANG_WARN_CONSTANT_CONVERSION = YES;
				CLANG_WARN_DEPRECATED_OBJC_IMPLEMENTATIONS = YES;
				CLANG_WARN_DIRECT_OBJC_ISA_USAGE = YES_ERROR;
				CLANG_WARN_DOCUMENTATION_COMMENTS = YES;
				CLANG_WARN_EMPTY_BODY = YES;
				CLANG_WARN_ENUM_CONVERSION = YES;
				CLANG_WARN_INFINITE_RECURSION = YES;
				CLANG_WARN_INT_CONVERSION = YES;
				CLANG_WARN_NON_LITERAL_NULL_CONVERSION = YES;
				CLANG_WARN_OBJC_IMPLICIT_RETAIN_SELF = YES;
				CLANG_WARN_OBJC_LITERAL_CONVERSION = YES;
				CLANG_WARN_OBJC_ROOT_CLASS = YES_ERROR;
				CLANG_WARN_RANGE_LOOP_ANALYSIS = YES;
				CLANG_WARN_STRICT_PROTOTYPES = YES;
				CLANG_WARN_SUSPICIOUS_MOVE = YES;
				CLANG_WARN_UNGUARDED_AVAILABILITY = YES_AGGRESSIVE;
				CLANG_WARN_UNREACHABLE_CODE = YES;
				CLANG_WARN__DUPLICATE_METHOD_MATCH = YES;
				CODE_SIGN_IDENTITY = "iPhone Developer";
				COPY_PHASE_STRIP = NO;
				DEBUG_INFORMATION_FORMAT = dwarf;
				ENABLE_STRICT_OBJC_MSGSEND = YES;
				ENABLE_TESTABILITY = YES;
				GCC_C_LANGUAGE_STANDARD = gnu11;
				GCC_DYNAMIC_NO_PIC = NO;
				GCC_NO_COMMON_BLOCKS = YES;
				GCC_OPTIMIZATION_LEVEL = 0;
				GCC_PREPROCESSOR_DEFINITIONS = (
					"DEBUG=1",
					"$(inherited)",
				);
				GCC_WARN_64_TO_32_BIT_CONVERSION = YES;
				GCC_WARN_ABOUT_RETURN_TYPE = YES_ERROR;
				GCC_WARN_UNDECLARED_SELECTOR = YES;
				GCC_WARN_UNINITIALIZED_AUTOS = YES_AGGRESSIVE;
				GCC_WARN_UNUSED_FUNCTION = YES;
				GCC_WARN_UNUSED_VARIABLE = YES;
				IPHONEOS_DEPLOYMENT_TARGET = 12.2;
				MTL_ENABLE_DEBUG_INFO = INCLUDE_SOURCE;
				MTL_FAST_MATH = YES;
				ONLY_ACTIVE_ARCH = YES;
				SDKROOT = iphoneos;
				SWIFT_ACTIVE_COMPILATION_CONDITIONS = DEBUG;
				SWIFT_OPTIMIZATION_LEVEL = "-Onone";
			};
			name = Debug;
		};
		55E7983822C9BE2400C79357 /* Release */ = {
			isa = XCBuildConfiguration;
			buildSettings = {
				ALWAYS_SEARCH_USER_PATHS = NO;
				CLANG_ANALYZER_NONNULL = YES;
				CLANG_ANALYZER_NUMBER_OBJECT_CONVERSION = YES_AGGRESSIVE;
				CLANG_CXX_LANGUAGE_STANDARD = "gnu++14";
				CLANG_CXX_LIBRARY = "libc++";
				CLANG_ENABLE_MODULES = YES;
				CLANG_ENABLE_OBJC_ARC = YES;
				CLANG_ENABLE_OBJC_WEAK = YES;
				CLANG_WARN_BLOCK_CAPTURE_AUTORELEASING = YES;
				CLANG_WARN_BOOL_CONVERSION = YES;
				CLANG_WARN_COMMA = YES;
				CLANG_WARN_CONSTANT_CONVERSION = YES;
				CLANG_WARN_DEPRECATED_OBJC_IMPLEMENTATIONS = YES;
				CLANG_WARN_DIRECT_OBJC_ISA_USAGE = YES_ERROR;
				CLANG_WARN_DOCUMENTATION_COMMENTS = YES;
				CLANG_WARN_EMPTY_BODY = YES;
				CLANG_WARN_ENUM_CONVERSION = YES;
				CLANG_WARN_INFINITE_RECURSION = YES;
				CLANG_WARN_INT_CONVERSION = YES;
				CLANG_WARN_NON_LITERAL_NULL_CONVERSION = YES;
				CLANG_WARN_OBJC_IMPLICIT_RETAIN_SELF = YES;
				CLANG_WARN_OBJC_LITERAL_CONVERSION = YES;
				CLANG_WARN_OBJC_ROOT_CLASS = YES_ERROR;
				CLANG_WARN_RANGE_LOOP_ANALYSIS = YES;
				CLANG_WARN_STRICT_PROTOTYPES = YES;
				CLANG_WARN_SUSPICIOUS_MOVE = YES;
				CLANG_WARN_UNGUARDED_AVAILABILITY = YES_AGGRESSIVE;
				CLANG_WARN_UNREACHABLE_CODE = YES;
				CLANG_WARN__DUPLICATE_METHOD_MATCH = YES;
				CODE_SIGN_IDENTITY = "iPhone Developer";
				COPY_PHASE_STRIP = NO;
				DEBUG_INFORMATION_FORMAT = "dwarf-with-dsym";
				ENABLE_NS_ASSERTIONS = NO;
				ENABLE_STRICT_OBJC_MSGSEND = YES;
				GCC_C_LANGUAGE_STANDARD = gnu11;
				GCC_NO_COMMON_BLOCKS = YES;
				GCC_WARN_64_TO_32_BIT_CONVERSION = YES;
				GCC_WARN_ABOUT_RETURN_TYPE = YES_ERROR;
				GCC_WARN_UNDECLARED_SELECTOR = YES;
				GCC_WARN_UNINITIALIZED_AUTOS = YES_AGGRESSIVE;
				GCC_WARN_UNUSED_FUNCTION = YES;
				GCC_WARN_UNUSED_VARIABLE = YES;
				IPHONEOS_DEPLOYMENT_TARGET = 12.2;
				MTL_ENABLE_DEBUG_INFO = NO;
				MTL_FAST_MATH = YES;
				SDKROOT = iphoneos;
				SWIFT_COMPILATION_MODE = wholemodule;
				SWIFT_OPTIMIZATION_LEVEL = "-O";
				VALIDATE_PRODUCT = YES;
			};
			name = Release;
		};
		55E7983A22C9BE2400C79357 /* Debug */ = {
			isa = XCBuildConfiguration;
			buildSettings = {
				ASSETCATALOG_COMPILER_APPICON_NAME = AppIcon;
				CODE_SIGN_STYLE = Automatic;
				DEVELOPMENT_TEAM = 2RB8YD7NFS;
				INFOPLIST_FILE = WhatToEat/Info.plist;
				LD_RUNPATH_SEARCH_PATHS = (
					"$(inherited)",
					"@executable_path/Frameworks",
				);
				PRODUCT_BUNDLE_IDENTIFIER = com.FiestaToGo.WhatToEat;
				PRODUCT_NAME = "$(TARGET_NAME)";
				SWIFT_VERSION = 5.0;
				TARGETED_DEVICE_FAMILY = "1,2";
			};
			name = Debug;
		};
		55E7983B22C9BE2400C79357 /* Release */ = {
			isa = XCBuildConfiguration;
			buildSettings = {
				ASSETCATALOG_COMPILER_APPICON_NAME = AppIcon;
				CODE_SIGN_STYLE = Automatic;
				DEVELOPMENT_TEAM = 2RB8YD7NFS;
				INFOPLIST_FILE = WhatToEat/Info.plist;
				LD_RUNPATH_SEARCH_PATHS = (
					"$(inherited)",
					"@executable_path/Frameworks",
				);
				PRODUCT_BUNDLE_IDENTIFIER = com.FiestaToGo.WhatToEat;
				PRODUCT_NAME = "$(TARGET_NAME)";
				SWIFT_VERSION = 5.0;
				TARGETED_DEVICE_FAMILY = "1,2";
			};
			name = Release;
		};
		55E7983D22C9BE2400C79357 /* Debug */ = {
			isa = XCBuildConfiguration;
			buildSettings = {
				ALWAYS_EMBED_SWIFT_STANDARD_LIBRARIES = YES;
				BUNDLE_LOADER = "$(TEST_HOST)";
				CODE_SIGN_STYLE = Automatic;
				DEVELOPMENT_TEAM = 2RB8YD7NFS;
				INFOPLIST_FILE = WhatToEatTests/Info.plist;
				LD_RUNPATH_SEARCH_PATHS = (
					"$(inherited)",
					"@executable_path/Frameworks",
					"@loader_path/Frameworks",
				);
				PRODUCT_BUNDLE_IDENTIFIER = com.FiestaToGo.WhatToEatTests;
				PRODUCT_NAME = "$(TARGET_NAME)";
				SWIFT_VERSION = 5.0;
				TARGETED_DEVICE_FAMILY = "1,2";
				TEST_HOST = "$(BUILT_PRODUCTS_DIR)/WhatToEat.app/WhatToEat";
			};
			name = Debug;
		};
		55E7983E22C9BE2400C79357 /* Release */ = {
			isa = XCBuildConfiguration;
			buildSettings = {
				ALWAYS_EMBED_SWIFT_STANDARD_LIBRARIES = YES;
				BUNDLE_LOADER = "$(TEST_HOST)";
				CODE_SIGN_STYLE = Automatic;
				DEVELOPMENT_TEAM = 2RB8YD7NFS;
				INFOPLIST_FILE = WhatToEatTests/Info.plist;
				LD_RUNPATH_SEARCH_PATHS = (
					"$(inherited)",
					"@executable_path/Frameworks",
					"@loader_path/Frameworks",
				);
				PRODUCT_BUNDLE_IDENTIFIER = com.FiestaToGo.WhatToEatTests;
				PRODUCT_NAME = "$(TARGET_NAME)";
				SWIFT_VERSION = 5.0;
				TARGETED_DEVICE_FAMILY = "1,2";
				TEST_HOST = "$(BUILT_PRODUCTS_DIR)/WhatToEat.app/WhatToEat";
			};
			name = Release;
		};
		55E7984022C9BE2400C79357 /* Debug */ = {
			isa = XCBuildConfiguration;
			buildSettings = {
				ALWAYS_EMBED_SWIFT_STANDARD_LIBRARIES = YES;
				CODE_SIGN_STYLE = Automatic;
				DEVELOPMENT_TEAM = 2RB8YD7NFS;
				INFOPLIST_FILE = WhatToEatUITests/Info.plist;
				LD_RUNPATH_SEARCH_PATHS = (
					"$(inherited)",
					"@executable_path/Frameworks",
					"@loader_path/Frameworks",
				);
				PRODUCT_BUNDLE_IDENTIFIER = com.FiestaToGo.WhatToEatUITests;
				PRODUCT_NAME = "$(TARGET_NAME)";
				SWIFT_VERSION = 5.0;
				TARGETED_DEVICE_FAMILY = "1,2";
				TEST_TARGET_NAME = WhatToEat;
			};
			name = Debug;
		};
		55E7984122C9BE2400C79357 /* Release */ = {
			isa = XCBuildConfiguration;
			buildSettings = {
				ALWAYS_EMBED_SWIFT_STANDARD_LIBRARIES = YES;
				CODE_SIGN_STYLE = Automatic;
				DEVELOPMENT_TEAM = 2RB8YD7NFS;
				INFOPLIST_FILE = WhatToEatUITests/Info.plist;
				LD_RUNPATH_SEARCH_PATHS = (
					"$(inherited)",
					"@executable_path/Frameworks",
					"@loader_path/Frameworks",
				);
				PRODUCT_BUNDLE_IDENTIFIER = com.FiestaToGo.WhatToEatUITests;
				PRODUCT_NAME = "$(TARGET_NAME)";
				SWIFT_VERSION = 5.0;
				TARGETED_DEVICE_FAMILY = "1,2";
				TEST_TARGET_NAME = WhatToEat;
			};
			name = Release;
		};
/* End XCBuildConfiguration section */

/* Begin XCConfigurationList section */
		55E7980922C9BE2200C79357 /* Build configuration list for PBXProject "WhatToEat" */ = {
			isa = XCConfigurationList;
			buildConfigurations = (
				55E7983722C9BE2400C79357 /* Debug */,
				55E7983822C9BE2400C79357 /* Release */,
			);
			defaultConfigurationIsVisible = 0;
			defaultConfigurationName = Release;
		};
		55E7983922C9BE2400C79357 /* Build configuration list for PBXNativeTarget "WhatToEat" */ = {
			isa = XCConfigurationList;
			buildConfigurations = (
				55E7983A22C9BE2400C79357 /* Debug */,
				55E7983B22C9BE2400C79357 /* Release */,
			);
			defaultConfigurationIsVisible = 0;
			defaultConfigurationName = Release;
		};
		55E7983C22C9BE2400C79357 /* Build configuration list for PBXNativeTarget "WhatToEatTests" */ = {
			isa = XCConfigurationList;
			buildConfigurations = (
				55E7983D22C9BE2400C79357 /* Debug */,
				55E7983E22C9BE2400C79357 /* Release */,
			);
			defaultConfigurationIsVisible = 0;
			defaultConfigurationName = Release;
		};
		55E7983F22C9BE2400C79357 /* Build configuration list for PBXNativeTarget "WhatToEatUITests" */ = {
			isa = XCConfigurationList;
			buildConfigurations = (
				55E7984022C9BE2400C79357 /* Debug */,
				55E7984122C9BE2400C79357 /* Release */,
			);
			defaultConfigurationIsVisible = 0;
			defaultConfigurationName = Release;
		};
/* End XCConfigurationList section */

/* Begin XCVersionGroup section */
		55E7981822C9BE2200C79357 /* WhatToEat.xcdatamodeld */ = {
			isa = XCVersionGroup;
			children = (
				55E7981922C9BE2200C79357 /* WhatToEat.xcdatamodel */,
			);
			currentVersion = 55E7981922C9BE2200C79357 /* WhatToEat.xcdatamodel */;
			path = WhatToEat.xcdatamodeld;
			sourceTree = "<group>";
			versionGroupType = wrapper.xcdatamodel;
		};
/* End XCVersionGroup section */
	};
	rootObject = 55E7980622C9BE2200C79357 /* Project object */;
}
